// !$*UTF8*$!
{
	archiveVersion = 1;
	classes = {
	};
	objectVersion = 55;
	objects = {

/* Begin PBXBuildFile section */
		EFCA5D7628A3EFAE0004AAC7 /* StringExtensions.swift in Sources */ = {isa = PBXBuildFile; fileRef = EFCA5D7528A3EFAE0004AAC7 /* StringExtensions.swift */; };
		EFCA5D7828A3F00F0004AAC7 /* DateExtension.swift in Sources */ = {isa = PBXBuildFile; fileRef = EFCA5D7728A3F00F0004AAC7 /* DateExtension.swift */; };
		EFCA5D7928A3F0960004AAC7 /* StringExtensions.swift in Sources */ = {isa = PBXBuildFile; fileRef = EFCA5D7528A3EFAE0004AAC7 /* StringExtensions.swift */; };
		EFCA5D7A28A3F0980004AAC7 /* DateExtension.swift in Sources */ = {isa = PBXBuildFile; fileRef = EFCA5D7728A3F00F0004AAC7 /* DateExtension.swift */; };
		EFCA5D7F28A3F7F60004AAC7 /* SeriesService.swift in Sources */ = {isa = PBXBuildFile; fileRef = EFCA5D7E28A3F7F60004AAC7 /* SeriesService.swift */; };
		EFCA5D8128A3F8470004AAC7 /* Serie.swift in Sources */ = {isa = PBXBuildFile; fileRef = EFCA5D8028A3F8470004AAC7 /* Serie.swift */; };
		EFCA5D8328A3FD4C0004AAC7 /* MoviesView.swift in Sources */ = {isa = PBXBuildFile; fileRef = EFCA5D8228A3FD4C0004AAC7 /* MoviesView.swift */; };
		EFCA5D8528A3FD530004AAC7 /* SeriesView.swift in Sources */ = {isa = PBXBuildFile; fileRef = EFCA5D8428A3FD530004AAC7 /* SeriesView.swift */; };
		EFCA5D8928A3FE1C0004AAC7 /* SeriesDetailView.swift in Sources */ = {isa = PBXBuildFile; fileRef = EFCA5D8828A3FE1C0004AAC7 /* SeriesDetailView.swift */; };
		EFCA5D8C28A3FEFC0004AAC7 /* ImageHelper.swift in Sources */ = {isa = PBXBuildFile; fileRef = EFCA5D8B28A3FEFC0004AAC7 /* ImageHelper.swift */; };
		EFCA5D8D28A3FF140004AAC7 /* ImageHelper.swift in Sources */ = {isa = PBXBuildFile; fileRef = EFCA5D8B28A3FEFC0004AAC7 /* ImageHelper.swift */; };
		EFCA5D9028A402D10004AAC7 /* Kingfisher in Frameworks */ = {isa = PBXBuildFile; productRef = EFCA5D8F28A402D10004AAC7 /* Kingfisher */; };
		EFCA5D9228A403980004AAC7 /* MoviesDetailView.swift in Sources */ = {isa = PBXBuildFile; fileRef = EFCA5D9128A403980004AAC7 /* MoviesDetailView.swift */; };
		EFCA5D9428A40E010004AAC7 /* MoviesViewModel.swift in Sources */ = {isa = PBXBuildFile; fileRef = EFCA5D9328A40E010004AAC7 /* MoviesViewModel.swift */; };
		EFCA5D9628A4152B0004AAC7 /* SeriesViewModel.swift in Sources */ = {isa = PBXBuildFile; fileRef = EFCA5D9528A4152B0004AAC7 /* SeriesViewModel.swift */; };
		EFCA5D9828A417880004AAC7 /* MarvelProject.swift in Sources */ = {isa = PBXBuildFile; fileRef = EFCA5D9728A417880004AAC7 /* MarvelProject.swift */; };
		EFCA5D9928A41B420004AAC7 /* SeriesService.swift in Sources */ = {isa = PBXBuildFile; fileRef = EFCA5D7E28A3F7F60004AAC7 /* SeriesService.swift */; };
		EFCA5D9A28A41B680004AAC7 /* Serie.swift in Sources */ = {isa = PBXBuildFile; fileRef = EFCA5D8028A3F8470004AAC7 /* Serie.swift */; };
		EFCE380F28A3D7A700B4CC0D /* MarvelWidgetsApp.swift in Sources */ = {isa = PBXBuildFile; fileRef = EFCE380E28A3D7A700B4CC0D /* MarvelWidgetsApp.swift */; };
		EFCE381128A3D7A700B4CC0D /* ContentView.swift in Sources */ = {isa = PBXBuildFile; fileRef = EFCE381028A3D7A700B4CC0D /* ContentView.swift */; };
		EFCE381328A3D7AE00B4CC0D /* Assets.xcassets in Resources */ = {isa = PBXBuildFile; fileRef = EFCE381228A3D7AE00B4CC0D /* Assets.xcassets */; };
		EFCE381628A3D7AE00B4CC0D /* Preview Assets.xcassets in Resources */ = {isa = PBXBuildFile; fileRef = EFCE381528A3D7AE00B4CC0D /* Preview Assets.xcassets */; };
		EFCE381E28A3DD4200B4CC0D /* APIService.swift in Sources */ = {isa = PBXBuildFile; fileRef = EFCE381D28A3DD4200B4CC0D /* APIService.swift */; };
		EFCE382328A3DE1B00B4CC0D /* Movie.swift in Sources */ = {isa = PBXBuildFile; fileRef = EFCE382228A3DE1B00B4CC0D /* Movie.swift */; };
		EFCE382528A3E0A700B4CC0D /* LogService.swift in Sources */ = {isa = PBXBuildFile; fileRef = EFCE382428A3E0A700B4CC0D /* LogService.swift */; };
		EFCE382D28A3E22E00B4CC0D /* WidgetKit.framework in Frameworks */ = {isa = PBXBuildFile; fileRef = EFCE382C28A3E22E00B4CC0D /* WidgetKit.framework */; };
		EFCE382F28A3E22E00B4CC0D /* SwiftUI.framework in Frameworks */ = {isa = PBXBuildFile; fileRef = EFCE382E28A3E22E00B4CC0D /* SwiftUI.framework */; };
		EFCE383228A3E22E00B4CC0D /* SmallWidget.swift in Sources */ = {isa = PBXBuildFile; fileRef = EFCE383128A3E22E00B4CC0D /* SmallWidget.swift */; };
		EFCE383528A3E22F00B4CC0D /* Assets.xcassets in Resources */ = {isa = PBXBuildFile; fileRef = EFCE383428A3E22F00B4CC0D /* Assets.xcassets */; };
		EFCE383728A3E22F00B4CC0D /* SmallWidget.intentdefinition in Sources */ = {isa = PBXBuildFile; fileRef = EFCE383328A3E22E00B4CC0D /* SmallWidget.intentdefinition */; };
		EFCE383828A3E22F00B4CC0D /* SmallWidget.intentdefinition in Sources */ = {isa = PBXBuildFile; fileRef = EFCE383328A3E22E00B4CC0D /* SmallWidget.intentdefinition */; };
		EFCE383B28A3E22F00B4CC0D /* SmallWidgetExtension.appex in Embed App Extensions */ = {isa = PBXBuildFile; fileRef = EFCE382A28A3E22E00B4CC0D /* SmallWidgetExtension.appex */; settings = {ATTRIBUTES = (RemoveHeadersOnCopy, ); }; };
		EFCE384028A3E2CD00B4CC0D /* Movie.swift in Sources */ = {isa = PBXBuildFile; fileRef = EFCE382228A3DE1B00B4CC0D /* Movie.swift */; };
		EFCE384228A3E33500B4CC0D /* MovieService.swift in Sources */ = {isa = PBXBuildFile; fileRef = EFCE384128A3E33500B4CC0D /* MovieService.swift */; };
		EFCE384428A3E41B00B4CC0D /* MovieService.swift in Sources */ = {isa = PBXBuildFile; fileRef = EFCE384128A3E33500B4CC0D /* MovieService.swift */; };
		EFCE384528A3E50F00B4CC0D /* APIService.swift in Sources */ = {isa = PBXBuildFile; fileRef = EFCE381D28A3DD4200B4CC0D /* APIService.swift */; };
		EFCE384628A3E51200B4CC0D /* LogService.swift in Sources */ = {isa = PBXBuildFile; fileRef = EFCE382428A3E0A700B4CC0D /* LogService.swift */; };
/* End PBXBuildFile section */

/* Begin PBXContainerItemProxy section */
		EFCE383928A3E22F00B4CC0D /* PBXContainerItemProxy */ = {
			isa = PBXContainerItemProxy;
			containerPortal = EFCE380328A3D7A700B4CC0D /* Project object */;
			proxyType = 1;
			remoteGlobalIDString = EFCE382928A3E22E00B4CC0D;
			remoteInfo = SmallWidgetExtension;
		};
/* End PBXContainerItemProxy section */

/* Begin PBXCopyFilesBuildPhase section */
		EFCE383F28A3E22F00B4CC0D /* Embed App Extensions */ = {
			isa = PBXCopyFilesBuildPhase;
			buildActionMask = 2147483647;
			dstPath = "";
			dstSubfolderSpec = 13;
			files = (
				EFCE383B28A3E22F00B4CC0D /* SmallWidgetExtension.appex in Embed App Extensions */,
			);
			name = "Embed App Extensions";
			runOnlyForDeploymentPostprocessing = 0;
		};
/* End PBXCopyFilesBuildPhase section */

/* Begin PBXFileReference section */
		EFCA5D7528A3EFAE0004AAC7 /* StringExtensions.swift */ = {isa = PBXFileReference; lastKnownFileType = sourcecode.swift; path = StringExtensions.swift; sourceTree = "<group>"; };
		EFCA5D7728A3F00F0004AAC7 /* DateExtension.swift */ = {isa = PBXFileReference; lastKnownFileType = sourcecode.swift; path = DateExtension.swift; sourceTree = "<group>"; };
		EFCA5D7B28A3F5100004AAC7 /* Info.plist */ = {isa = PBXFileReference; lastKnownFileType = text.plist; path = Info.plist; sourceTree = "<group>"; };
		EFCA5D7E28A3F7F60004AAC7 /* SeriesService.swift */ = {isa = PBXFileReference; lastKnownFileType = sourcecode.swift; path = SeriesService.swift; sourceTree = "<group>"; };
		EFCA5D8028A3F8470004AAC7 /* Serie.swift */ = {isa = PBXFileReference; lastKnownFileType = sourcecode.swift; path = Serie.swift; sourceTree = "<group>"; };
		EFCA5D8228A3FD4C0004AAC7 /* MoviesView.swift */ = {isa = PBXFileReference; lastKnownFileType = sourcecode.swift; path = MoviesView.swift; sourceTree = "<group>"; };
		EFCA5D8428A3FD530004AAC7 /* SeriesView.swift */ = {isa = PBXFileReference; lastKnownFileType = sourcecode.swift; path = SeriesView.swift; sourceTree = "<group>"; };
		EFCA5D8828A3FE1C0004AAC7 /* SeriesDetailView.swift */ = {isa = PBXFileReference; lastKnownFileType = sourcecode.swift; path = SeriesDetailView.swift; sourceTree = "<group>"; };
		EFCA5D8B28A3FEFC0004AAC7 /* ImageHelper.swift */ = {isa = PBXFileReference; lastKnownFileType = sourcecode.swift; path = ImageHelper.swift; sourceTree = "<group>"; };
		EFCA5D9128A403980004AAC7 /* MoviesDetailView.swift */ = {isa = PBXFileReference; lastKnownFileType = sourcecode.swift; path = MoviesDetailView.swift; sourceTree = "<group>"; };
		EFCA5D9328A40E010004AAC7 /* MoviesViewModel.swift */ = {isa = PBXFileReference; lastKnownFileType = sourcecode.swift; path = MoviesViewModel.swift; sourceTree = "<group>"; };
		EFCA5D9528A4152B0004AAC7 /* SeriesViewModel.swift */ = {isa = PBXFileReference; lastKnownFileType = sourcecode.swift; path = SeriesViewModel.swift; sourceTree = "<group>"; };
		EFCA5D9728A417880004AAC7 /* MarvelProject.swift */ = {isa = PBXFileReference; lastKnownFileType = sourcecode.swift; path = MarvelProject.swift; sourceTree = "<group>"; };
		EFCE380B28A3D7A700B4CC0D /* MarvelWidgets.app */ = {isa = PBXFileReference; explicitFileType = wrapper.application; includeInIndex = 0; path = MarvelWidgets.app; sourceTree = BUILT_PRODUCTS_DIR; };
		EFCE380E28A3D7A700B4CC0D /* MarvelWidgetsApp.swift */ = {isa = PBXFileReference; lastKnownFileType = sourcecode.swift; path = MarvelWidgetsApp.swift; sourceTree = "<group>"; };
		EFCE381028A3D7A700B4CC0D /* ContentView.swift */ = {isa = PBXFileReference; lastKnownFileType = sourcecode.swift; path = ContentView.swift; sourceTree = "<group>"; };
		EFCE381228A3D7AE00B4CC0D /* Assets.xcassets */ = {isa = PBXFileReference; lastKnownFileType = folder.assetcatalog; path = Assets.xcassets; sourceTree = "<group>"; };
		EFCE381528A3D7AE00B4CC0D /* Preview Assets.xcassets */ = {isa = PBXFileReference; lastKnownFileType = folder.assetcatalog; path = "Preview Assets.xcassets"; sourceTree = "<group>"; };
		EFCE381D28A3DD4200B4CC0D /* APIService.swift */ = {isa = PBXFileReference; lastKnownFileType = sourcecode.swift; path = APIService.swift; sourceTree = "<group>"; };
		EFCE382228A3DE1B00B4CC0D /* Movie.swift */ = {isa = PBXFileReference; lastKnownFileType = sourcecode.swift; path = Movie.swift; sourceTree = "<group>"; };
		EFCE382428A3E0A700B4CC0D /* LogService.swift */ = {isa = PBXFileReference; lastKnownFileType = sourcecode.swift; path = LogService.swift; sourceTree = "<group>"; };
		EFCE382A28A3E22E00B4CC0D /* SmallWidgetExtension.appex */ = {isa = PBXFileReference; explicitFileType = "wrapper.app-extension"; includeInIndex = 0; path = SmallWidgetExtension.appex; sourceTree = BUILT_PRODUCTS_DIR; };
		EFCE382C28A3E22E00B4CC0D /* WidgetKit.framework */ = {isa = PBXFileReference; lastKnownFileType = wrapper.framework; name = WidgetKit.framework; path = System/Library/Frameworks/WidgetKit.framework; sourceTree = SDKROOT; };
		EFCE382E28A3E22E00B4CC0D /* SwiftUI.framework */ = {isa = PBXFileReference; lastKnownFileType = wrapper.framework; name = SwiftUI.framework; path = System/Library/Frameworks/SwiftUI.framework; sourceTree = SDKROOT; };
		EFCE383128A3E22E00B4CC0D /* SmallWidget.swift */ = {isa = PBXFileReference; lastKnownFileType = sourcecode.swift; path = SmallWidget.swift; sourceTree = "<group>"; };
		EFCE383328A3E22E00B4CC0D /* SmallWidget.intentdefinition */ = {isa = PBXFileReference; lastKnownFileType = file.intentdefinition; path = SmallWidget.intentdefinition; sourceTree = "<group>"; };
		EFCE383428A3E22F00B4CC0D /* Assets.xcassets */ = {isa = PBXFileReference; lastKnownFileType = folder.assetcatalog; path = Assets.xcassets; sourceTree = "<group>"; };
		EFCE383628A3E22F00B4CC0D /* Info.plist */ = {isa = PBXFileReference; lastKnownFileType = text.plist.xml; path = Info.plist; sourceTree = "<group>"; };
		EFCE384128A3E33500B4CC0D /* MovieService.swift */ = {isa = PBXFileReference; lastKnownFileType = sourcecode.swift; path = MovieService.swift; sourceTree = "<group>"; };
/* End PBXFileReference section */

/* Begin PBXFrameworksBuildPhase section */
		EFCE380828A3D7A700B4CC0D /* Frameworks */ = {
			isa = PBXFrameworksBuildPhase;
			buildActionMask = 2147483647;
			files = (
				EFCA5D9028A402D10004AAC7 /* Kingfisher in Frameworks */,
			);
			runOnlyForDeploymentPostprocessing = 0;
		};
		EFCE382728A3E22E00B4CC0D /* Frameworks */ = {
			isa = PBXFrameworksBuildPhase;
			buildActionMask = 2147483647;
			files = (
				EFCE382F28A3E22E00B4CC0D /* SwiftUI.framework in Frameworks */,
				EFCE382D28A3E22E00B4CC0D /* WidgetKit.framework in Frameworks */,
			);
			runOnlyForDeploymentPostprocessing = 0;
		};
/* End PBXFrameworksBuildPhase section */

/* Begin PBXGroup section */
		EFCA5D7428A3EF9D0004AAC7 /* extensions */ = {
			isa = PBXGroup;
			children = (
				EFCA5D7528A3EFAE0004AAC7 /* StringExtensions.swift */,
				EFCA5D7728A3F00F0004AAC7 /* DateExtension.swift */,
			);
			path = extensions;
			sourceTree = "<group>";
		};
		EFCA5D8628A3FE020004AAC7 /* movies */ = {
			isa = PBXGroup;
			children = (
				EFCA5D8228A3FD4C0004AAC7 /* MoviesView.swift */,
				EFCA5D9128A403980004AAC7 /* MoviesDetailView.swift */,
			);
			path = movies;
			sourceTree = "<group>";
		};
		EFCA5D8728A3FE0D0004AAC7 /* series */ = {
			isa = PBXGroup;
			children = (
				EFCA5D8428A3FD530004AAC7 /* SeriesView.swift */,
				EFCA5D8828A3FE1C0004AAC7 /* SeriesDetailView.swift */,
			);
			path = series;
			sourceTree = "<group>";
		};
		EFCA5D8A28A3FEF10004AAC7 /* helpers */ = {
			isa = PBXGroup;
			children = (
				EFCA5D8B28A3FEFC0004AAC7 /* ImageHelper.swift */,
			);
			path = helpers;
			sourceTree = "<group>";
		};
		EFCE380228A3D7A700B4CC0D = {
			isa = PBXGroup;
			children = (
				EFCE380D28A3D7A700B4CC0D /* MarvelWidgets */,
				EFCE383028A3E22E00B4CC0D /* SmallWidget */,
				EFCE382B28A3E22E00B4CC0D /* Frameworks */,
				EFCE380C28A3D7A700B4CC0D /* Products */,
			);
			sourceTree = "<group>";
		};
		EFCE380C28A3D7A700B4CC0D /* Products */ = {
			isa = PBXGroup;
			children = (
				EFCE380B28A3D7A700B4CC0D /* MarvelWidgets.app */,
				EFCE382A28A3E22E00B4CC0D /* SmallWidgetExtension.appex */,
			);
			name = Products;
			sourceTree = "<group>";
		};
		EFCE380D28A3D7A700B4CC0D /* MarvelWidgets */ = {
			isa = PBXGroup;
			children = (
				EFCA5D7B28A3F5100004AAC7 /* Info.plist */,
				EFCA5D8A28A3FEF10004AAC7 /* helpers */,
				EFCA5D7428A3EF9D0004AAC7 /* extensions */,
				EFCE382128A3DE0200B4CC0D /* viewmodels */,
				EFCE382028A3DDFD00B4CC0D /* views */,
				EFCE381F28A3DDF800B4CC0D /* domain */,
				EFCE381C28A3DD3200B4CC0D /* services */,
				EFCE380E28A3D7A700B4CC0D /* MarvelWidgetsApp.swift */,
				EFCE381028A3D7A700B4CC0D /* ContentView.swift */,
				EFCE381228A3D7AE00B4CC0D /* Assets.xcassets */,
				EFCE381428A3D7AE00B4CC0D /* Preview Content */,
			);
			path = MarvelWidgets;
			sourceTree = "<group>";
		};
		EFCE381428A3D7AE00B4CC0D /* Preview Content */ = {
			isa = PBXGroup;
			children = (
				EFCE381528A3D7AE00B4CC0D /* Preview Assets.xcassets */,
			);
			path = "Preview Content";
			sourceTree = "<group>";
		};
		EFCE381C28A3DD3200B4CC0D /* services */ = {
			isa = PBXGroup;
			children = (
				EFCE384328A3E33900B4CC0D /* generic */,
				EFCE384128A3E33500B4CC0D /* MovieService.swift */,
				EFCA5D7E28A3F7F60004AAC7 /* SeriesService.swift */,
			);
			path = services;
			sourceTree = "<group>";
		};
		EFCE381F28A3DDF800B4CC0D /* domain */ = {
			isa = PBXGroup;
			children = (
				EFCE382228A3DE1B00B4CC0D /* Movie.swift */,
				EFCA5D8028A3F8470004AAC7 /* Serie.swift */,
				EFCA5D9728A417880004AAC7 /* MarvelProject.swift */,
			);
			path = domain;
			sourceTree = "<group>";
		};
		EFCE382028A3DDFD00B4CC0D /* views */ = {
			isa = PBXGroup;
			children = (
				EFCA5D8728A3FE0D0004AAC7 /* series */,
				EFCA5D8628A3FE020004AAC7 /* movies */,
			);
			path = views;
			sourceTree = "<group>";
		};
		EFCE382128A3DE0200B4CC0D /* viewmodels */ = {
			isa = PBXGroup;
			children = (
				EFCA5D9328A40E010004AAC7 /* MoviesViewModel.swift */,
				EFCA5D9528A4152B0004AAC7 /* SeriesViewModel.swift */,
			);
			path = viewmodels;
			sourceTree = "<group>";
		};
		EFCE382B28A3E22E00B4CC0D /* Frameworks */ = {
			isa = PBXGroup;
			children = (
				EFCE382C28A3E22E00B4CC0D /* WidgetKit.framework */,
				EFCE382E28A3E22E00B4CC0D /* SwiftUI.framework */,
			);
			name = Frameworks;
			sourceTree = "<group>";
		};
		EFCE383028A3E22E00B4CC0D /* SmallWidget */ = {
			isa = PBXGroup;
			children = (
				EFCE383128A3E22E00B4CC0D /* SmallWidget.swift */,
				EFCE383328A3E22E00B4CC0D /* SmallWidget.intentdefinition */,
				EFCE383428A3E22F00B4CC0D /* Assets.xcassets */,
				EFCE383628A3E22F00B4CC0D /* Info.plist */,
			);
			path = SmallWidget;
			sourceTree = "<group>";
		};
		EFCE384328A3E33900B4CC0D /* generic */ = {
			isa = PBXGroup;
			children = (
				EFCE381D28A3DD4200B4CC0D /* APIService.swift */,
				EFCE382428A3E0A700B4CC0D /* LogService.swift */,
			);
			path = generic;
			sourceTree = "<group>";
		};
/* End PBXGroup section */

/* Begin PBXNativeTarget section */
		EFCE380A28A3D7A700B4CC0D /* MarvelWidgets */ = {
			isa = PBXNativeTarget;
			buildConfigurationList = EFCE381928A3D7AE00B4CC0D /* Build configuration list for PBXNativeTarget "MarvelWidgets" */;
			buildPhases = (
				EFCE380728A3D7A700B4CC0D /* Sources */,
				EFCE380828A3D7A700B4CC0D /* Frameworks */,
				EFCE380928A3D7A700B4CC0D /* Resources */,
				EFCE383F28A3E22F00B4CC0D /* Embed App Extensions */,
			);
			buildRules = (
			);
			dependencies = (
				EFCE383A28A3E22F00B4CC0D /* PBXTargetDependency */,
			);
			name = MarvelWidgets;
			packageProductDependencies = (
				EFCA5D8F28A402D10004AAC7 /* Kingfisher */,
			);
			productName = MarvelWidgets;
			productReference = EFCE380B28A3D7A700B4CC0D /* MarvelWidgets.app */;
			productType = "com.apple.product-type.application";
		};
		EFCE382928A3E22E00B4CC0D /* SmallWidgetExtension */ = {
			isa = PBXNativeTarget;
			buildConfigurationList = EFCE383C28A3E22F00B4CC0D /* Build configuration list for PBXNativeTarget "SmallWidgetExtension" */;
			buildPhases = (
				EFCE382628A3E22E00B4CC0D /* Sources */,
				EFCE382728A3E22E00B4CC0D /* Frameworks */,
				EFCE382828A3E22E00B4CC0D /* Resources */,
			);
			buildRules = (
			);
			dependencies = (
			);
			name = SmallWidgetExtension;
			productName = SmallWidgetExtension;
			productReference = EFCE382A28A3E22E00B4CC0D /* SmallWidgetExtension.appex */;
			productType = "com.apple.product-type.app-extension";
		};
/* End PBXNativeTarget section */

/* Begin PBXProject section */
		EFCE380328A3D7A700B4CC0D /* Project object */ = {
			isa = PBXProject;
			attributes = {
				BuildIndependentTargetsInParallel = 1;
				LastSwiftUpdateCheck = 1340;
				LastUpgradeCheck = 1340;
				TargetAttributes = {
					EFCE380A28A3D7A700B4CC0D = {
						CreatedOnToolsVersion = 13.4.1;
					};
					EFCE382928A3E22E00B4CC0D = {
						CreatedOnToolsVersion = 13.4.1;
					};
				};
			};
			buildConfigurationList = EFCE380628A3D7A700B4CC0D /* Build configuration list for PBXProject "MarvelWidgets" */;
			compatibilityVersion = "Xcode 13.0";
			developmentRegion = en;
			hasScannedForEncodings = 0;
			knownRegions = (
				en,
				Base,
			);
			mainGroup = EFCE380228A3D7A700B4CC0D;
			packageReferences = (
				EFCA5D8E28A402D10004AAC7 /* XCRemoteSwiftPackageReference "Kingfisher" */,
			);
			productRefGroup = EFCE380C28A3D7A700B4CC0D /* Products */;
			projectDirPath = "";
			projectRoot = "";
			targets = (
				EFCE380A28A3D7A700B4CC0D /* MarvelWidgets */,
				EFCE382928A3E22E00B4CC0D /* SmallWidgetExtension */,
			);
		};
/* End PBXProject section */

/* Begin PBXResourcesBuildPhase section */
		EFCE380928A3D7A700B4CC0D /* Resources */ = {
			isa = PBXResourcesBuildPhase;
			buildActionMask = 2147483647;
			files = (
				EFCE381628A3D7AE00B4CC0D /* Preview Assets.xcassets in Resources */,
				EFCE381328A3D7AE00B4CC0D /* Assets.xcassets in Resources */,
			);
			runOnlyForDeploymentPostprocessing = 0;
		};
		EFCE382828A3E22E00B4CC0D /* Resources */ = {
			isa = PBXResourcesBuildPhase;
			buildActionMask = 2147483647;
			files = (
				EFCE383528A3E22F00B4CC0D /* Assets.xcassets in Resources */,
			);
			runOnlyForDeploymentPostprocessing = 0;
		};
/* End PBXResourcesBuildPhase section */

/* Begin PBXSourcesBuildPhase section */
		EFCE380728A3D7A700B4CC0D /* Sources */ = {
			isa = PBXSourcesBuildPhase;
			buildActionMask = 2147483647;
			files = (
				EFCA5D7628A3EFAE0004AAC7 /* StringExtensions.swift in Sources */,
				EFCA5D8328A3FD4C0004AAC7 /* MoviesView.swift in Sources */,
				EFCA5D9428A40E010004AAC7 /* MoviesViewModel.swift in Sources */,
				EFCA5D9628A4152B0004AAC7 /* SeriesViewModel.swift in Sources */,
				EFCA5D9228A403980004AAC7 /* MoviesDetailView.swift in Sources */,
				EFCA5D8928A3FE1C0004AAC7 /* SeriesDetailView.swift in Sources */,
				EFCE382528A3E0A700B4CC0D /* LogService.swift in Sources */,
				EFCE381128A3D7A700B4CC0D /* ContentView.swift in Sources */,
				EFCA5D9828A417880004AAC7 /* MarvelProject.swift in Sources */,
				EFCE383828A3E22F00B4CC0D /* SmallWidget.intentdefinition in Sources */,
				EFCA5D7828A3F00F0004AAC7 /* DateExtension.swift in Sources */,
				EFCE381E28A3DD4200B4CC0D /* APIService.swift in Sources */,
				EFCA5D8128A3F8470004AAC7 /* Serie.swift in Sources */,
				EFCE382328A3DE1B00B4CC0D /* Movie.swift in Sources */,
				EFCE380F28A3D7A700B4CC0D /* MarvelWidgetsApp.swift in Sources */,
				EFCA5D8C28A3FEFC0004AAC7 /* ImageHelper.swift in Sources */,
				EFCA5D7F28A3F7F60004AAC7 /* SeriesService.swift in Sources */,
				EFCA5D8528A3FD530004AAC7 /* SeriesView.swift in Sources */,
				EFCE384228A3E33500B4CC0D /* MovieService.swift in Sources */,
			);
			runOnlyForDeploymentPostprocessing = 0;
		};
		EFCE382628A3E22E00B4CC0D /* Sources */ = {
			isa = PBXSourcesBuildPhase;
			buildActionMask = 2147483647;
			files = (
				EFCE383728A3E22F00B4CC0D /* SmallWidget.intentdefinition in Sources */,
				EFCA5D7A28A3F0980004AAC7 /* DateExtension.swift in Sources */,
				EFCA5D8D28A3FF140004AAC7 /* ImageHelper.swift in Sources */,
				EFCE384528A3E50F00B4CC0D /* APIService.swift in Sources */,
				EFCE383228A3E22E00B4CC0D /* SmallWidget.swift in Sources */,
				EFCA5D7928A3F0960004AAC7 /* StringExtensions.swift in Sources */,
				EFCA5D9A28A41B680004AAC7 /* Serie.swift in Sources */,
				EFCE384428A3E41B00B4CC0D /* MovieService.swift in Sources */,
				EFCE384628A3E51200B4CC0D /* LogService.swift in Sources */,
				EFCA5D9928A41B420004AAC7 /* SeriesService.swift in Sources */,
				EFCE384028A3E2CD00B4CC0D /* Movie.swift in Sources */,
			);
			runOnlyForDeploymentPostprocessing = 0;
		};
/* End PBXSourcesBuildPhase section */

/* Begin PBXTargetDependency section */
		EFCE383A28A3E22F00B4CC0D /* PBXTargetDependency */ = {
			isa = PBXTargetDependency;
			target = EFCE382928A3E22E00B4CC0D /* SmallWidgetExtension */;
			targetProxy = EFCE383928A3E22F00B4CC0D /* PBXContainerItemProxy */;
		};
/* End PBXTargetDependency section */

/* Begin XCBuildConfiguration section */
		EFCE381728A3D7AE00B4CC0D /* Debug */ = {
			isa = XCBuildConfiguration;
			buildSettings = {
				ALWAYS_SEARCH_USER_PATHS = NO;
				CLANG_ANALYZER_NONNULL = YES;
				CLANG_ANALYZER_NUMBER_OBJECT_CONVERSION = YES_AGGRESSIVE;
				CLANG_CXX_LANGUAGE_STANDARD = "gnu++17";
				CLANG_ENABLE_MODULES = YES;
				CLANG_ENABLE_OBJC_ARC = YES;
				CLANG_ENABLE_OBJC_WEAK = YES;
				CLANG_WARN_BLOCK_CAPTURE_AUTORELEASING = YES;
				CLANG_WARN_BOOL_CONVERSION = YES;
				CLANG_WARN_COMMA = YES;
				CLANG_WARN_CONSTANT_CONVERSION = YES;
				CLANG_WARN_DEPRECATED_OBJC_IMPLEMENTATIONS = YES;
				CLANG_WARN_DIRECT_OBJC_ISA_USAGE = YES_ERROR;
				CLANG_WARN_DOCUMENTATION_COMMENTS = YES;
				CLANG_WARN_EMPTY_BODY = YES;
				CLANG_WARN_ENUM_CONVERSION = YES;
				CLANG_WARN_INFINITE_RECURSION = YES;
				CLANG_WARN_INT_CONVERSION = YES;
				CLANG_WARN_NON_LITERAL_NULL_CONVERSION = YES;
				CLANG_WARN_OBJC_IMPLICIT_RETAIN_SELF = YES;
				CLANG_WARN_OBJC_LITERAL_CONVERSION = YES;
				CLANG_WARN_OBJC_ROOT_CLASS = YES_ERROR;
				CLANG_WARN_QUOTED_INCLUDE_IN_FRAMEWORK_HEADER = YES;
				CLANG_WARN_RANGE_LOOP_ANALYSIS = YES;
				CLANG_WARN_STRICT_PROTOTYPES = YES;
				CLANG_WARN_SUSPICIOUS_MOVE = YES;
				CLANG_WARN_UNGUARDED_AVAILABILITY = YES_AGGRESSIVE;
				CLANG_WARN_UNREACHABLE_CODE = YES;
				CLANG_WARN__DUPLICATE_METHOD_MATCH = YES;
				COPY_PHASE_STRIP = NO;
				DEBUG_INFORMATION_FORMAT = dwarf;
				ENABLE_STRICT_OBJC_MSGSEND = YES;
				ENABLE_TESTABILITY = YES;
				GCC_C_LANGUAGE_STANDARD = gnu11;
				GCC_DYNAMIC_NO_PIC = NO;
				GCC_NO_COMMON_BLOCKS = YES;
				GCC_OPTIMIZATION_LEVEL = 0;
				GCC_PREPROCESSOR_DEFINITIONS = (
					"DEBUG=1",
					"$(inherited)",
				);
				GCC_WARN_64_TO_32_BIT_CONVERSION = YES;
				GCC_WARN_ABOUT_RETURN_TYPE = YES_ERROR;
				GCC_WARN_UNDECLARED_SELECTOR = YES;
				GCC_WARN_UNINITIALIZED_AUTOS = YES_AGGRESSIVE;
				GCC_WARN_UNUSED_FUNCTION = YES;
				GCC_WARN_UNUSED_VARIABLE = YES;
				IPHONEOS_DEPLOYMENT_TARGET = 15.5;
				MTL_ENABLE_DEBUG_INFO = INCLUDE_SOURCE;
				MTL_FAST_MATH = YES;
				ONLY_ACTIVE_ARCH = YES;
				SDKROOT = iphoneos;
				SWIFT_ACTIVE_COMPILATION_CONDITIONS = DEBUG;
				SWIFT_OPTIMIZATION_LEVEL = "-Onone";
			};
			name = Debug;
		};
		EFCE381828A3D7AE00B4CC0D /* Release */ = {
			isa = XCBuildConfiguration;
			buildSettings = {
				ALWAYS_SEARCH_USER_PATHS = NO;
				CLANG_ANALYZER_NONNULL = YES;
				CLANG_ANALYZER_NUMBER_OBJECT_CONVERSION = YES_AGGRESSIVE;
				CLANG_CXX_LANGUAGE_STANDARD = "gnu++17";
				CLANG_ENABLE_MODULES = YES;
				CLANG_ENABLE_OBJC_ARC = YES;
				CLANG_ENABLE_OBJC_WEAK = YES;
				CLANG_WARN_BLOCK_CAPTURE_AUTORELEASING = YES;
				CLANG_WARN_BOOL_CONVERSION = YES;
				CLANG_WARN_COMMA = YES;
				CLANG_WARN_CONSTANT_CONVERSION = YES;
				CLANG_WARN_DEPRECATED_OBJC_IMPLEMENTATIONS = YES;
				CLANG_WARN_DIRECT_OBJC_ISA_USAGE = YES_ERROR;
				CLANG_WARN_DOCUMENTATION_COMMENTS = YES;
				CLANG_WARN_EMPTY_BODY = YES;
				CLANG_WARN_ENUM_CONVERSION = YES;
				CLANG_WARN_INFINITE_RECURSION = YES;
				CLANG_WARN_INT_CONVERSION = YES;
				CLANG_WARN_NON_LITERAL_NULL_CONVERSION = YES;
				CLANG_WARN_OBJC_IMPLICIT_RETAIN_SELF = YES;
				CLANG_WARN_OBJC_LITERAL_CONVERSION = YES;
				CLANG_WARN_OBJC_ROOT_CLASS = YES_ERROR;
				CLANG_WARN_QUOTED_INCLUDE_IN_FRAMEWORK_HEADER = YES;
				CLANG_WARN_RANGE_LOOP_ANALYSIS = YES;
				CLANG_WARN_STRICT_PROTOTYPES = YES;
				CLANG_WARN_SUSPICIOUS_MOVE = YES;
				CLANG_WARN_UNGUARDED_AVAILABILITY = YES_AGGRESSIVE;
				CLANG_WARN_UNREACHABLE_CODE = YES;
				CLANG_WARN__DUPLICATE_METHOD_MATCH = YES;
				COPY_PHASE_STRIP = NO;
				DEBUG_INFORMATION_FORMAT = "dwarf-with-dsym";
				ENABLE_NS_ASSERTIONS = NO;
				ENABLE_STRICT_OBJC_MSGSEND = YES;
				GCC_C_LANGUAGE_STANDARD = gnu11;
				GCC_NO_COMMON_BLOCKS = YES;
				GCC_WARN_64_TO_32_BIT_CONVERSION = YES;
				GCC_WARN_ABOUT_RETURN_TYPE = YES_ERROR;
				GCC_WARN_UNDECLARED_SELECTOR = YES;
				GCC_WARN_UNINITIALIZED_AUTOS = YES_AGGRESSIVE;
				GCC_WARN_UNUSED_FUNCTION = YES;
				GCC_WARN_UNUSED_VARIABLE = YES;
				IPHONEOS_DEPLOYMENT_TARGET = 15.5;
				MTL_ENABLE_DEBUG_INFO = NO;
				MTL_FAST_MATH = YES;
				SDKROOT = iphoneos;
				SWIFT_COMPILATION_MODE = wholemodule;
				SWIFT_OPTIMIZATION_LEVEL = "-O";
				VALIDATE_PRODUCT = YES;
			};
			name = Release;
		};
		EFCE381A28A3D7AE00B4CC0D /* Debug */ = {
			isa = XCBuildConfiguration;
			buildSettings = {
				ALWAYS_EMBED_SWIFT_STANDARD_LIBRARIES = YES;
				ASSETCATALOG_COMPILER_APPICON_NAME = AppIcon;
				ASSETCATALOG_COMPILER_GLOBAL_ACCENT_COLOR_NAME = AccentColor;
				CODE_SIGN_STYLE = Automatic;
				CURRENT_PROJECT_VERSION = 1;
				DEVELOPMENT_ASSET_PATHS = "\"MarvelWidgets/Preview Content\"";
				DEVELOPMENT_TEAM = 963LK66N4P;
				ENABLE_PREVIEWS = YES;
				GENERATE_INFOPLIST_FILE = YES;
				INFOPLIST_FILE = MarvelWidgets/Info.plist;
				INFOPLIST_KEY_UIApplicationSceneManifest_Generation = YES;
				INFOPLIST_KEY_UIApplicationSupportsIndirectInputEvents = YES;
				INFOPLIST_KEY_UILaunchScreen_Generation = YES;
				INFOPLIST_KEY_UISupportedInterfaceOrientations_iPad = "UIInterfaceOrientationPortrait UIInterfaceOrientationPortraitUpsideDown UIInterfaceOrientationLandscapeLeft UIInterfaceOrientationLandscapeRight";
				INFOPLIST_KEY_UISupportedInterfaceOrientations_iPhone = "UIInterfaceOrientationPortrait UIInterfaceOrientationLandscapeLeft UIInterfaceOrientationLandscapeRight";
				LD_RUNPATH_SEARCH_PATHS = (
					"$(inherited)",
					"@executable_path/Frameworks",
				);
				MARKETING_VERSION = 1.0;
				PRODUCT_BUNDLE_IDENTIFIER = nl.Buijsen.MarvelWidgets;
				PRODUCT_NAME = "$(TARGET_NAME)";
				SWIFT_EMIT_LOC_STRINGS = YES;
				SWIFT_VERSION = 5.0;
				TARGETED_DEVICE_FAMILY = "1,2";
			};
			name = Debug;
		};
		EFCE381B28A3D7AE00B4CC0D /* Release */ = {
			isa = XCBuildConfiguration;
			buildSettings = {
				ALWAYS_EMBED_SWIFT_STANDARD_LIBRARIES = YES;
				ASSETCATALOG_COMPILER_APPICON_NAME = AppIcon;
				ASSETCATALOG_COMPILER_GLOBAL_ACCENT_COLOR_NAME = AccentColor;
				CODE_SIGN_STYLE = Automatic;
				CURRENT_PROJECT_VERSION = 1;
				DEVELOPMENT_ASSET_PATHS = "\"MarvelWidgets/Preview Content\"";
				DEVELOPMENT_TEAM = 963LK66N4P;
				ENABLE_PREVIEWS = YES;
				GENERATE_INFOPLIST_FILE = YES;
				INFOPLIST_FILE = MarvelWidgets/Info.plist;
				INFOPLIST_KEY_UIApplicationSceneManifest_Generation = YES;
				INFOPLIST_KEY_UIApplicationSupportsIndirectInputEvents = YES;
				INFOPLIST_KEY_UILaunchScreen_Generation = YES;
				INFOPLIST_KEY_UISupportedInterfaceOrientations_iPad = "UIInterfaceOrientationPortrait UIInterfaceOrientationPortraitUpsideDown UIInterfaceOrientationLandscapeLeft UIInterfaceOrientationLandscapeRight";
				INFOPLIST_KEY_UISupportedInterfaceOrientations_iPhone = "UIInterfaceOrientationPortrait UIInterfaceOrientationLandscapeLeft UIInterfaceOrientationLandscapeRight";
				LD_RUNPATH_SEARCH_PATHS = (
					"$(inherited)",
					"@executable_path/Frameworks",
				);
				MARKETING_VERSION = 1.0;
				PRODUCT_BUNDLE_IDENTIFIER = nl.Buijsen.MarvelWidgets;
				PRODUCT_NAME = "$(TARGET_NAME)";
				SWIFT_EMIT_LOC_STRINGS = YES;
				SWIFT_VERSION = 5.0;
				TARGETED_DEVICE_FAMILY = "1,2";
			};
			name = Release;
		};
		EFCE383D28A3E22F00B4CC0D /* Debug */ = {
			isa = XCBuildConfiguration;
			buildSettings = {
				ASSETCATALOG_COMPILER_GLOBAL_ACCENT_COLOR_NAME = AccentColor;
				ASSETCATALOG_COMPILER_WIDGET_BACKGROUND_COLOR_NAME = WidgetBackground;
				CODE_SIGN_STYLE = Automatic;
				CURRENT_PROJECT_VERSION = 1;
				DEVELOPMENT_TEAM = 963LK66N4P;
				GENERATE_INFOPLIST_FILE = YES;
				INFOPLIST_FILE = SmallWidget/Info.plist;
				INFOPLIST_KEY_CFBundleDisplayName = SmallWidget;
				INFOPLIST_KEY_NSHumanReadableCopyright = "";
				LD_RUNPATH_SEARCH_PATHS = (
					"$(inherited)",
					"@executable_path/Frameworks",
					"@executable_path/../../Frameworks",
				);
				MARKETING_VERSION = 1.0;
				PRODUCT_BUNDLE_IDENTIFIER = nl.Buijsen.MarvelWidgets.SmallWidget;
				PRODUCT_NAME = "$(TARGET_NAME)";
				SKIP_INSTALL = YES;
				SWIFT_EMIT_LOC_STRINGS = YES;
				SWIFT_VERSION = 5.0;
				TARGETED_DEVICE_FAMILY = "1,2";
			};
			name = Debug;
		};
		EFCE383E28A3E22F00B4CC0D /* Release */ = {
			isa = XCBuildConfiguration;
			buildSettings = {
				ASSETCATALOG_COMPILER_GLOBAL_ACCENT_COLOR_NAME = AccentColor;
				ASSETCATALOG_COMPILER_WIDGET_BACKGROUND_COLOR_NAME = WidgetBackground;
				CODE_SIGN_STYLE = Automatic;
				CURRENT_PROJECT_VERSION = 1;
				DEVELOPMENT_TEAM = 963LK66N4P;
				GENERATE_INFOPLIST_FILE = YES;
				INFOPLIST_FILE = SmallWidget/Info.plist;
				INFOPLIST_KEY_CFBundleDisplayName = SmallWidget;
				INFOPLIST_KEY_NSHumanReadableCopyright = "";
				LD_RUNPATH_SEARCH_PATHS = (
					"$(inherited)",
					"@executable_path/Frameworks",
					"@executable_path/../../Frameworks",
				);
				MARKETING_VERSION = 1.0;
				PRODUCT_BUNDLE_IDENTIFIER = nl.Buijsen.MarvelWidgets.SmallWidget;
				PRODUCT_NAME = "$(TARGET_NAME)";
				SKIP_INSTALL = YES;
				SWIFT_EMIT_LOC_STRINGS = YES;
				SWIFT_VERSION = 5.0;
				TARGETED_DEVICE_FAMILY = "1,2";
			};
			name = Release;
		};
/* End XCBuildConfiguration section */

/* Begin XCConfigurationList section */
		EFCE380628A3D7A700B4CC0D /* Build configuration list for PBXProject "MarvelWidgets" */ = {
			isa = XCConfigurationList;
			buildConfigurations = (
				EFCE381728A3D7AE00B4CC0D /* Debug */,
				EFCE381828A3D7AE00B4CC0D /* Release */,
			);
			defaultConfigurationIsVisible = 0;
			defaultConfigurationName = Release;
		};
		EFCE381928A3D7AE00B4CC0D /* Build configuration list for PBXNativeTarget "MarvelWidgets" */ = {
			isa = XCConfigurationList;
			buildConfigurations = (
				EFCE381A28A3D7AE00B4CC0D /* Debug */,
				EFCE381B28A3D7AE00B4CC0D /* Release */,
			);
			defaultConfigurationIsVisible = 0;
			defaultConfigurationName = Release;
		};
		EFCE383C28A3E22F00B4CC0D /* Build configuration list for PBXNativeTarget "SmallWidgetExtension" */ = {
			isa = XCConfigurationList;
			buildConfigurations = (
				EFCE383D28A3E22F00B4CC0D /* Debug */,
				EFCE383E28A3E22F00B4CC0D /* Release */,
			);
			defaultConfigurationIsVisible = 0;
			defaultConfigurationName = Release;
		};
/* End XCConfigurationList section */

/* Begin XCRemoteSwiftPackageReference section */
		EFCA5D8E28A402D10004AAC7 /* XCRemoteSwiftPackageReference "Kingfisher" */ = {
			isa = XCRemoteSwiftPackageReference;
			repositoryURL = "https://github.com/onevcat/Kingfisher.git";
			requirement = {
				kind = upToNextMajorVersion;
				minimumVersion = 7.0.0;
			};
		};
/* End XCRemoteSwiftPackageReference section */

/* Begin XCSwiftPackageProductDependency section */
		EFCA5D8F28A402D10004AAC7 /* Kingfisher */ = {
			isa = XCSwiftPackageProductDependency;
			package = EFCA5D8E28A402D10004AAC7 /* XCRemoteSwiftPackageReference "Kingfisher" */;
			productName = Kingfisher;
		};
/* End XCSwiftPackageProductDependency section */
	};
	rootObject = EFCE380328A3D7A700B4CC0D /* Project object */;
}
