// !$*UTF8*$!
{
	archiveVersion = 1;
	classes = {
	};
	objectVersion = 55;
	objects = {

/* Begin PBXBuildFile section */
		EF178C3F28AE8CC3003B9B76 /* SmallWidgetUpcomingMediumView.swift in Sources */ = {isa = PBXBuildFile; fileRef = EF178C3E28AE8CC3003B9B76 /* SmallWidgetUpcomingMediumView.swift */; };
		EF178C4028AE8CF2003B9B76 /* SmallWidgetUpcomingMediumView.swift in Sources */ = {isa = PBXBuildFile; fileRef = EF178C3E28AE8CC3003B9B76 /* SmallWidgetUpcomingMediumView.swift */; };
		EF178C4128AE8CF2003B9B76 /* SmallWidgetUpcomingMediumView.swift in Sources */ = {isa = PBXBuildFile; fileRef = EF178C3E28AE8CC3003B9B76 /* SmallWidgetUpcomingMediumView.swift */; };
		EF178C4328AE8D47003B9B76 /* SmallWidgetUpcomingSmallView.swift in Sources */ = {isa = PBXBuildFile; fileRef = EF178C4228AE8D47003B9B76 /* SmallWidgetUpcomingSmallView.swift */; };
		EF178C4428AE8D47003B9B76 /* SmallWidgetUpcomingSmallView.swift in Sources */ = {isa = PBXBuildFile; fileRef = EF178C4228AE8D47003B9B76 /* SmallWidgetUpcomingSmallView.swift */; };
		EF178C4528AE8D47003B9B76 /* SmallWidgetUpcomingSmallView.swift in Sources */ = {isa = PBXBuildFile; fileRef = EF178C4228AE8D47003B9B76 /* SmallWidgetUpcomingSmallView.swift */; };
		EF178C4728AEAA5A003B9B76 /* SpecificWidget.swift in Sources */ = {isa = PBXBuildFile; fileRef = EF178C4628AEAA5A003B9B76 /* SpecificWidget.swift */; };
		EF178C4828AEAA5A003B9B76 /* SpecificWidget.swift in Sources */ = {isa = PBXBuildFile; fileRef = EF178C4628AEAA5A003B9B76 /* SpecificWidget.swift */; };
		EF178C4928AEAA5A003B9B76 /* SpecificWidget.swift in Sources */ = {isa = PBXBuildFile; fileRef = EF178C4628AEAA5A003B9B76 /* SpecificWidget.swift */; };
		EF178C4A28AEACC5003B9B76 /* SmallWidget.swift in Sources */ = {isa = PBXBuildFile; fileRef = EFCE383128A3E22E00B4CC0D /* SmallWidget.swift */; };
		EF178C4C28AEC78D003B9B76 /* WidgetHelper.swift in Sources */ = {isa = PBXBuildFile; fileRef = EF178C4B28AEC78D003B9B76 /* WidgetHelper.swift */; };
		EF178C4D28AEC78D003B9B76 /* WidgetHelper.swift in Sources */ = {isa = PBXBuildFile; fileRef = EF178C4B28AEC78D003B9B76 /* WidgetHelper.swift */; };
		EF178C4E28AEC78D003B9B76 /* WidgetHelper.swift in Sources */ = {isa = PBXBuildFile; fileRef = EF178C4B28AEC78D003B9B76 /* WidgetHelper.swift */; };
		EF178C5028AEC898003B9B76 /* WidgetPreviewView.swift in Sources */ = {isa = PBXBuildFile; fileRef = EF178C4F28AEC898003B9B76 /* WidgetPreviewView.swift */; };
		EF178C5128AEC898003B9B76 /* WidgetPreviewView.swift in Sources */ = {isa = PBXBuildFile; fileRef = EF178C4F28AEC898003B9B76 /* WidgetPreviewView.swift */; };
		EF178C5228AEC898003B9B76 /* WidgetPreviewView.swift in Sources */ = {isa = PBXBuildFile; fileRef = EF178C4F28AEC898003B9B76 /* WidgetPreviewView.swift */; };
		EF38FD72291FF56400EA4BD9 /* ProjectService.swift in Sources */ = {isa = PBXBuildFile; fileRef = EF38FD71291FF56400EA4BD9 /* ProjectService.swift */; };
		EF38FD73291FF56400EA4BD9 /* ProjectService.swift in Sources */ = {isa = PBXBuildFile; fileRef = EF38FD71291FF56400EA4BD9 /* ProjectService.swift */; };
		EF38FD74291FF56400EA4BD9 /* ProjectService.swift in Sources */ = {isa = PBXBuildFile; fileRef = EF38FD71291FF56400EA4BD9 /* ProjectService.swift */; };
		EF4D265428A44B0D00B7BCEE /* IntentHandler.swift in Sources */ = {isa = PBXBuildFile; fileRef = EFCA5DB128A445B40004AAC7 /* IntentHandler.swift */; };
		EF4D265528A44BC900B7BCEE /* IntentHandler.swift in Sources */ = {isa = PBXBuildFile; fileRef = EFCA5DB128A445B40004AAC7 /* IntentHandler.swift */; };
		EF4D265728A4512600B7BCEE /* Config.swift in Sources */ = {isa = PBXBuildFile; fileRef = EF4D265628A4512600B7BCEE /* Config.swift */; };
		EF4D265828A4512900B7BCEE /* Config.swift in Sources */ = {isa = PBXBuildFile; fileRef = EF4D265628A4512600B7BCEE /* Config.swift */; };
		EF4D265928A4512A00B7BCEE /* Config.swift in Sources */ = {isa = PBXBuildFile; fileRef = EF4D265628A4512600B7BCEE /* Config.swift */; };
		EF4D265B28A451E300B7BCEE /* CachingService.swift in Sources */ = {isa = PBXBuildFile; fileRef = EF4D265A28A451E300B7BCEE /* CachingService.swift */; };
		EF578F3828A45632006272AA /* CachingService.swift in Sources */ = {isa = PBXBuildFile; fileRef = EF4D265A28A451E300B7BCEE /* CachingService.swift */; };
		EF578F3928A45633006272AA /* CachingService.swift in Sources */ = {isa = PBXBuildFile; fileRef = EF4D265A28A451E300B7BCEE /* CachingService.swift */; };
		EF578F3A28A45721006272AA /* LogService.swift in Sources */ = {isa = PBXBuildFile; fileRef = EFCE382428A3E0A700B4CC0D /* LogService.swift */; };
		EF578F3B28A45728006272AA /* UserDefaultValues.swift in Sources */ = {isa = PBXBuildFile; fileRef = EFCA5DA628A43E2A0004AAC7 /* UserDefaultValues.swift */; };
		EF578F3C28A458C1006272AA /* StringExtensions.swift in Sources */ = {isa = PBXBuildFile; fileRef = EFCA5D7528A3EFAE0004AAC7 /* StringExtensions.swift */; };
		EF578F3D28A458C3006272AA /* DateExtension.swift in Sources */ = {isa = PBXBuildFile; fileRef = EFCA5D7728A3F00F0004AAC7 /* DateExtension.swift */; };
		EF9B914028B9045200C5F7B2 /* Kingfisher in Frameworks */ = {isa = PBXBuildFile; productRef = EF9B913F28B9045200C5F7B2 /* Kingfisher */; };
		EFCA5D7628A3EFAE0004AAC7 /* StringExtensions.swift in Sources */ = {isa = PBXBuildFile; fileRef = EFCA5D7528A3EFAE0004AAC7 /* StringExtensions.swift */; };
		EFCA5D7828A3F00F0004AAC7 /* DateExtension.swift in Sources */ = {isa = PBXBuildFile; fileRef = EFCA5D7728A3F00F0004AAC7 /* DateExtension.swift */; };
		EFCA5D7928A3F0960004AAC7 /* StringExtensions.swift in Sources */ = {isa = PBXBuildFile; fileRef = EFCA5D7528A3EFAE0004AAC7 /* StringExtensions.swift */; };
		EFCA5D7A28A3F0980004AAC7 /* DateExtension.swift in Sources */ = {isa = PBXBuildFile; fileRef = EFCA5D7728A3F00F0004AAC7 /* DateExtension.swift */; };
		EFCA5D8C28A3FEFC0004AAC7 /* ImageHelper.swift in Sources */ = {isa = PBXBuildFile; fileRef = EFCA5D8B28A3FEFC0004AAC7 /* ImageHelper.swift */; };
		EFCA5D8D28A3FF140004AAC7 /* ImageHelper.swift in Sources */ = {isa = PBXBuildFile; fileRef = EFCA5D8B28A3FEFC0004AAC7 /* ImageHelper.swift */; };
		EFCA5D9E28A41D2B0004AAC7 /* WidgetType.swift in Sources */ = {isa = PBXBuildFile; fileRef = EFCA5D9D28A41D2B0004AAC7 /* WidgetType.swift */; };
		EFCA5D9F28A41D520004AAC7 /* WidgetType.swift in Sources */ = {isa = PBXBuildFile; fileRef = EFCA5D9D28A41D2B0004AAC7 /* WidgetType.swift */; };
		EFCA5DA228A41E820004AAC7 /* WidgetSettingsView.swift in Sources */ = {isa = PBXBuildFile; fileRef = EFCA5DA128A41E820004AAC7 /* WidgetSettingsView.swift */; };
		EFCA5DA428A43D360004AAC7 /* WidgetSettingsViewModel.swift in Sources */ = {isa = PBXBuildFile; fileRef = EFCA5DA328A43D360004AAC7 /* WidgetSettingsViewModel.swift */; };
		EFCA5DA728A43E2A0004AAC7 /* UserDefaultValues.swift in Sources */ = {isa = PBXBuildFile; fileRef = EFCA5DA628A43E2A0004AAC7 /* UserDefaultValues.swift */; };
		EFCA5DA828A43E2A0004AAC7 /* UserDefaultValues.swift in Sources */ = {isa = PBXBuildFile; fileRef = EFCA5DA628A43E2A0004AAC7 /* UserDefaultValues.swift */; };
		EFCA5DAF28A445B40004AAC7 /* Intents.framework in Frameworks */ = {isa = PBXBuildFile; fileRef = EFCA5DAE28A445B40004AAC7 /* Intents.framework */; };
		EFCA5DB228A445B40004AAC7 /* IntentHandler.swift in Sources */ = {isa = PBXBuildFile; fileRef = EFCA5DB128A445B40004AAC7 /* IntentHandler.swift */; };
		EFCA5DC728A445B40004AAC7 /* WidgetTypeConfiguration.appex in Embed Foundation Extensions */ = {isa = PBXBuildFile; fileRef = EFCA5DAD28A445B40004AAC7 /* WidgetTypeConfiguration.appex */; settings = {ATTRIBUTES = (RemoveHeadersOnCopy, ); }; };
		EFCE380F28A3D7A700B4CC0D /* MarvelWidgetsApp.swift in Sources */ = {isa = PBXBuildFile; fileRef = EFCE380E28A3D7A700B4CC0D /* MarvelWidgetsApp.swift */; };
		EFCE381128A3D7A700B4CC0D /* ContentView.swift in Sources */ = {isa = PBXBuildFile; fileRef = EFCE381028A3D7A700B4CC0D /* ContentView.swift */; };
		EFCE381328A3D7AE00B4CC0D /* Assets.xcassets in Resources */ = {isa = PBXBuildFile; fileRef = EFCE381228A3D7AE00B4CC0D /* Assets.xcassets */; };
		EFCE381628A3D7AE00B4CC0D /* Preview Assets.xcassets in Resources */ = {isa = PBXBuildFile; fileRef = EFCE381528A3D7AE00B4CC0D /* Preview Assets.xcassets */; };
		EFCE381E28A3DD4200B4CC0D /* APIService.swift in Sources */ = {isa = PBXBuildFile; fileRef = EFCE381D28A3DD4200B4CC0D /* APIService.swift */; };
		EFCE382528A3E0A700B4CC0D /* LogService.swift in Sources */ = {isa = PBXBuildFile; fileRef = EFCE382428A3E0A700B4CC0D /* LogService.swift */; };
		EFCE382D28A3E22E00B4CC0D /* WidgetKit.framework in Frameworks */ = {isa = PBXBuildFile; fileRef = EFCE382C28A3E22E00B4CC0D /* WidgetKit.framework */; };
		EFCE382F28A3E22E00B4CC0D /* SwiftUI.framework in Frameworks */ = {isa = PBXBuildFile; fileRef = EFCE382E28A3E22E00B4CC0D /* SwiftUI.framework */; };
		EFCE383228A3E22E00B4CC0D /* SmallWidget.swift in Sources */ = {isa = PBXBuildFile; fileRef = EFCE383128A3E22E00B4CC0D /* SmallWidget.swift */; };
		EFCE383528A3E22F00B4CC0D /* Assets.xcassets in Resources */ = {isa = PBXBuildFile; fileRef = EFCE383428A3E22F00B4CC0D /* Assets.xcassets */; };
		EFCE383B28A3E22F00B4CC0D /* SmallWidgetExtension.appex in Embed Foundation Extensions */ = {isa = PBXBuildFile; fileRef = EFCE382A28A3E22E00B4CC0D /* SmallWidgetExtension.appex */; settings = {ATTRIBUTES = (RemoveHeadersOnCopy, ); }; };
		EFCE384528A3E50F00B4CC0D /* APIService.swift in Sources */ = {isa = PBXBuildFile; fileRef = EFCE381D28A3DD4200B4CC0D /* APIService.swift */; };
		EFCE384628A3E51200B4CC0D /* LogService.swift in Sources */ = {isa = PBXBuildFile; fileRef = EFCE382428A3E0A700B4CC0D /* LogService.swift */; };
		EFD8D75928A54F6000CA8DAC /* WidgetType.swift in Sources */ = {isa = PBXBuildFile; fileRef = EFCA5D9D28A41D2B0004AAC7 /* WidgetType.swift */; };
		EFD8D75B28A55BFE00CA8DAC /* VideoView.swift in Sources */ = {isa = PBXBuildFile; fileRef = EFD8D75A28A55BFE00CA8DAC /* VideoView.swift */; };
		EFD8D75D28A5791D00CA8DAC /* ProjectDetailViewModel.swift in Sources */ = {isa = PBXBuildFile; fileRef = EFD8D75C28A5791D00CA8DAC /* ProjectDetailViewModel.swift */; };
		EFD8D75F28A7AC8D00CA8DAC /* SaveService.swift in Sources */ = {isa = PBXBuildFile; fileRef = EFD8D75E28A7AC8C00CA8DAC /* SaveService.swift */; };
		EFD8D76028A7ACFD00CA8DAC /* SaveService.swift in Sources */ = {isa = PBXBuildFile; fileRef = EFD8D75E28A7AC8C00CA8DAC /* SaveService.swift */; };
		EFD8D76128A7ACFD00CA8DAC /* SaveService.swift in Sources */ = {isa = PBXBuildFile; fileRef = EFD8D75E28A7AC8C00CA8DAC /* SaveService.swift */; };
		EFD8D76428A7F6A600CA8DAC /* MarvelWidgetBundle.swift in Sources */ = {isa = PBXBuildFile; fileRef = EFD8D76228A7F6A100CA8DAC /* MarvelWidgetBundle.swift */; };
		EFD8D76528A7F6A600CA8DAC /* MarvelWidgetBundle.swift in Sources */ = {isa = PBXBuildFile; fileRef = EFD8D76228A7F6A100CA8DAC /* MarvelWidgetBundle.swift */; };
		EFD8D76628A7F82100CA8DAC /* SmallWidget.swift in Sources */ = {isa = PBXBuildFile; fileRef = EFCE383128A3E22E00B4CC0D /* SmallWidget.swift */; };
		EFD8D76A28A7F84C00CA8DAC /* APIService.swift in Sources */ = {isa = PBXBuildFile; fileRef = EFCE381D28A3DD4200B4CC0D /* APIService.swift */; };
		EFD8D76B28A7F85C00CA8DAC /* ImageHelper.swift in Sources */ = {isa = PBXBuildFile; fileRef = EFCA5D8B28A3FEFC0004AAC7 /* ImageHelper.swift */; };
		EFD8D77128A7FFD900CA8DAC /* SmallWidget.intentdefinition in Sources */ = {isa = PBXBuildFile; fileRef = EFD8D77028A7FFD900CA8DAC /* SmallWidget.intentdefinition */; };
		EFD8D77228A7FFD900CA8DAC /* SmallWidget.intentdefinition in Sources */ = {isa = PBXBuildFile; fileRef = EFD8D77028A7FFD900CA8DAC /* SmallWidget.intentdefinition */; };
		EFD8D77328A7FFD900CA8DAC /* SmallWidget.intentdefinition in Sources */ = {isa = PBXBuildFile; fileRef = EFD8D77028A7FFD900CA8DAC /* SmallWidget.intentdefinition */; };
		EFF0E25C292065B900854E5F /* SwiftUIPager in Frameworks */ = {isa = PBXBuildFile; productRef = EFF0E25B292065B900854E5F /* SwiftUIPager */; };
		EFF0E25E2920ED6400854E5F /* SeasonView.swift in Sources */ = {isa = PBXBuildFile; fileRef = EFF0E25D2920ED6400854E5F /* SeasonView.swift */; };
		EFF0E2602920ED8200854E5F /* SeasonDetailView.swift in Sources */ = {isa = PBXBuildFile; fileRef = EFF0E25F2920ED8200854E5F /* SeasonDetailView.swift */; };
		EFF0E2622920EDB100854E5F /* FullscreenImageView.swift in Sources */ = {isa = PBXBuildFile; fileRef = EFF0E2612920EDB100854E5F /* FullscreenImageView.swift */; };
		EFF0E2642920EDD300854E5F /* TrailersView.swift in Sources */ = {isa = PBXBuildFile; fileRef = EFF0E2632920EDD300854E5F /* TrailersView.swift */; };
		EFF0E2662920EDF300854E5F /* ImageSizedView.swift in Sources */ = {isa = PBXBuildFile; fileRef = EFF0E2652920EDF300854E5F /* ImageSizedView.swift */; };
		EFF0E2682920EE0B00854E5F /* PosterListView.swift in Sources */ = {isa = PBXBuildFile; fileRef = EFF0E2672920EE0B00854E5F /* PosterListView.swift */; };
		EFF0E26A2920EE3500854E5F /* ActorListView.swift in Sources */ = {isa = PBXBuildFile; fileRef = EFF0E2692920EE3500854E5F /* ActorListView.swift */; };
		EFF0E26C2920EE5400854E5F /* DirectorListView.swift in Sources */ = {isa = PBXBuildFile; fileRef = EFF0E26B2920EE5400854E5F /* DirectorListView.swift */; };
		EFF0E271292107B500854E5F /* ListResponseWrapper.swift in Sources */ = {isa = PBXBuildFile; fileRef = EFF0E270292107B500854E5F /* ListResponseWrapper.swift */; };
		EFF0E273292107C100854E5F /* SingleResponseWrapper.swift in Sources */ = {isa = PBXBuildFile; fileRef = EFF0E272292107C100854E5F /* SingleResponseWrapper.swift */; };
		EFF0E275292107CE00854E5F /* ProjectWrapper.swift in Sources */ = {isa = PBXBuildFile; fileRef = EFF0E274292107CE00854E5F /* ProjectWrapper.swift */; };
		EFF0E277292107DE00854E5F /* MCUProject.swift in Sources */ = {isa = PBXBuildFile; fileRef = EFF0E276292107DE00854E5F /* MCUProject.swift */; };
		EFF0E279292107EB00854E5F /* Phase.swift in Sources */ = {isa = PBXBuildFile; fileRef = EFF0E278292107EB00854E5F /* Phase.swift */; };
		EFF0E27B292107F500854E5F /* Saga.swift in Sources */ = {isa = PBXBuildFile; fileRef = EFF0E27A292107F500854E5F /* Saga.swift */; };
		EFF0E27D2921080600854E5F /* ProjectType.swift in Sources */ = {isa = PBXBuildFile; fileRef = EFF0E27C2921080600854E5F /* ProjectType.swift */; };
		EFF0E27F2921081200854E5F /* Actors.swift in Sources */ = {isa = PBXBuildFile; fileRef = EFF0E27E2921081200854E5F /* Actors.swift */; };
		EFF0E2812921081F00854E5F /* ActorsWrapper.swift in Sources */ = {isa = PBXBuildFile; fileRef = EFF0E2802921081F00854E5F /* ActorsWrapper.swift */; };
		EFF0E2832921082A00854E5F /* Actor.swift in Sources */ = {isa = PBXBuildFile; fileRef = EFF0E2822921082A00854E5F /* Actor.swift */; };
		EFF0E2852921083600854E5F /* Directors.swift in Sources */ = {isa = PBXBuildFile; fileRef = EFF0E2842921083600854E5F /* Directors.swift */; };
		EFF0E2872921084400854E5F /* DirectorsWrapper.swift in Sources */ = {isa = PBXBuildFile; fileRef = EFF0E2862921084400854E5F /* DirectorsWrapper.swift */; };
		EFF0E2892921084F00854E5F /* Director.swift in Sources */ = {isa = PBXBuildFile; fileRef = EFF0E2882921084F00854E5F /* Director.swift */; };
		EFF0E28B2921085900854E5F /* Poster.swift in Sources */ = {isa = PBXBuildFile; fileRef = EFF0E28A2921085900854E5F /* Poster.swift */; };
		EFF0E28D2921086600854E5F /* RelatedProjects.swift in Sources */ = {isa = PBXBuildFile; fileRef = EFF0E28C2921086600854E5F /* RelatedProjects.swift */; };
		EFF0E28F2921087300854E5F /* RelatedProjectWrapper.swift in Sources */ = {isa = PBXBuildFile; fileRef = EFF0E28E2921087300854E5F /* RelatedProjectWrapper.swift */; };
		EFF0E2912921087F00854E5F /* RelatedProject.swift in Sources */ = {isa = PBXBuildFile; fileRef = EFF0E2902921087F00854E5F /* RelatedProject.swift */; };
		EFF0E2932921088900854E5F /* Trailer.swift in Sources */ = {isa = PBXBuildFile; fileRef = EFF0E2922921088900854E5F /* Trailer.swift */; };
		EFF0E2952921089400854E5F /* Season.swift in Sources */ = {isa = PBXBuildFile; fileRef = EFF0E2942921089400854E5F /* Season.swift */; };
		EFF0E2972921089F00854E5F /* Episode.swift in Sources */ = {isa = PBXBuildFile; fileRef = EFF0E2962921089F00854E5F /* Episode.swift */; };
		EFF0E2982921097100854E5F /* Actor.swift in Sources */ = {isa = PBXBuildFile; fileRef = EFF0E2822921082A00854E5F /* Actor.swift */; };
		EFF0E2992921097100854E5F /* DirectorsWrapper.swift in Sources */ = {isa = PBXBuildFile; fileRef = EFF0E2862921084400854E5F /* DirectorsWrapper.swift */; };
		EFF0E29A2921097100854E5F /* Phase.swift in Sources */ = {isa = PBXBuildFile; fileRef = EFF0E278292107EB00854E5F /* Phase.swift */; };
		EFF0E29B2921097100854E5F /* Saga.swift in Sources */ = {isa = PBXBuildFile; fileRef = EFF0E27A292107F500854E5F /* Saga.swift */; };
		EFF0E29C2921097100854E5F /* SingleResponseWrapper.swift in Sources */ = {isa = PBXBuildFile; fileRef = EFF0E272292107C100854E5F /* SingleResponseWrapper.swift */; };
		EFF0E29D2921097100854E5F /* MCUProject.swift in Sources */ = {isa = PBXBuildFile; fileRef = EFF0E276292107DE00854E5F /* MCUProject.swift */; };
		EFF0E29E2921097100854E5F /* Actors.swift in Sources */ = {isa = PBXBuildFile; fileRef = EFF0E27E2921081200854E5F /* Actors.swift */; };
		EFF0E29F2921097100854E5F /* ActorsWrapper.swift in Sources */ = {isa = PBXBuildFile; fileRef = EFF0E2802921081F00854E5F /* ActorsWrapper.swift */; };
		EFF0E2A02921097100854E5F /* RelatedProject.swift in Sources */ = {isa = PBXBuildFile; fileRef = EFF0E2902921087F00854E5F /* RelatedProject.swift */; };
		EFF0E2A12921097100854E5F /* Trailer.swift in Sources */ = {isa = PBXBuildFile; fileRef = EFF0E2922921088900854E5F /* Trailer.swift */; };
		EFF0E2A22921097100854E5F /* Season.swift in Sources */ = {isa = PBXBuildFile; fileRef = EFF0E2942921089400854E5F /* Season.swift */; };
		EFF0E2A32921097100854E5F /* RelatedProjectWrapper.swift in Sources */ = {isa = PBXBuildFile; fileRef = EFF0E28E2921087300854E5F /* RelatedProjectWrapper.swift */; };
		EFF0E2A42921097100854E5F /* Director.swift in Sources */ = {isa = PBXBuildFile; fileRef = EFF0E2882921084F00854E5F /* Director.swift */; };
		EFF0E2A52921097100854E5F /* Episode.swift in Sources */ = {isa = PBXBuildFile; fileRef = EFF0E2962921089F00854E5F /* Episode.swift */; };
		EFF0E2A62921097100854E5F /* ProjectWrapper.swift in Sources */ = {isa = PBXBuildFile; fileRef = EFF0E274292107CE00854E5F /* ProjectWrapper.swift */; };
		EFF0E2A72921097100854E5F /* Directors.swift in Sources */ = {isa = PBXBuildFile; fileRef = EFF0E2842921083600854E5F /* Directors.swift */; };
		EFF0E2A82921097100854E5F /* Poster.swift in Sources */ = {isa = PBXBuildFile; fileRef = EFF0E28A2921085900854E5F /* Poster.swift */; };
		EFF0E2A92921097100854E5F /* RelatedProjects.swift in Sources */ = {isa = PBXBuildFile; fileRef = EFF0E28C2921086600854E5F /* RelatedProjects.swift */; };
		EFF0E2AA2921097100854E5F /* ListResponseWrapper.swift in Sources */ = {isa = PBXBuildFile; fileRef = EFF0E270292107B500854E5F /* ListResponseWrapper.swift */; };
		EFF0E2AB2921097100854E5F /* ProjectType.swift in Sources */ = {isa = PBXBuildFile; fileRef = EFF0E27C2921080600854E5F /* ProjectType.swift */; };
		EFF0E2AC2921097200854E5F /* Actor.swift in Sources */ = {isa = PBXBuildFile; fileRef = EFF0E2822921082A00854E5F /* Actor.swift */; };
		EFF0E2AD2921097200854E5F /* DirectorsWrapper.swift in Sources */ = {isa = PBXBuildFile; fileRef = EFF0E2862921084400854E5F /* DirectorsWrapper.swift */; };
		EFF0E2AE2921097200854E5F /* Phase.swift in Sources */ = {isa = PBXBuildFile; fileRef = EFF0E278292107EB00854E5F /* Phase.swift */; };
		EFF0E2AF2921097200854E5F /* Saga.swift in Sources */ = {isa = PBXBuildFile; fileRef = EFF0E27A292107F500854E5F /* Saga.swift */; };
		EFF0E2B02921097200854E5F /* SingleResponseWrapper.swift in Sources */ = {isa = PBXBuildFile; fileRef = EFF0E272292107C100854E5F /* SingleResponseWrapper.swift */; };
		EFF0E2B12921097200854E5F /* MCUProject.swift in Sources */ = {isa = PBXBuildFile; fileRef = EFF0E276292107DE00854E5F /* MCUProject.swift */; };
		EFF0E2B22921097200854E5F /* Actors.swift in Sources */ = {isa = PBXBuildFile; fileRef = EFF0E27E2921081200854E5F /* Actors.swift */; };
		EFF0E2B32921097200854E5F /* ActorsWrapper.swift in Sources */ = {isa = PBXBuildFile; fileRef = EFF0E2802921081F00854E5F /* ActorsWrapper.swift */; };
		EFF0E2B42921097200854E5F /* RelatedProject.swift in Sources */ = {isa = PBXBuildFile; fileRef = EFF0E2902921087F00854E5F /* RelatedProject.swift */; };
		EFF0E2B52921097200854E5F /* Trailer.swift in Sources */ = {isa = PBXBuildFile; fileRef = EFF0E2922921088900854E5F /* Trailer.swift */; };
		EFF0E2B62921097200854E5F /* Season.swift in Sources */ = {isa = PBXBuildFile; fileRef = EFF0E2942921089400854E5F /* Season.swift */; };
		EFF0E2B72921097200854E5F /* RelatedProjectWrapper.swift in Sources */ = {isa = PBXBuildFile; fileRef = EFF0E28E2921087300854E5F /* RelatedProjectWrapper.swift */; };
		EFF0E2B82921097200854E5F /* Director.swift in Sources */ = {isa = PBXBuildFile; fileRef = EFF0E2882921084F00854E5F /* Director.swift */; };
		EFF0E2B92921097200854E5F /* Episode.swift in Sources */ = {isa = PBXBuildFile; fileRef = EFF0E2962921089F00854E5F /* Episode.swift */; };
		EFF0E2BA2921097200854E5F /* ProjectWrapper.swift in Sources */ = {isa = PBXBuildFile; fileRef = EFF0E274292107CE00854E5F /* ProjectWrapper.swift */; };
		EFF0E2BB2921097200854E5F /* Directors.swift in Sources */ = {isa = PBXBuildFile; fileRef = EFF0E2842921083600854E5F /* Directors.swift */; };
		EFF0E2BC2921097200854E5F /* Poster.swift in Sources */ = {isa = PBXBuildFile; fileRef = EFF0E28A2921085900854E5F /* Poster.swift */; };
		EFF0E2BD2921097200854E5F /* RelatedProjects.swift in Sources */ = {isa = PBXBuildFile; fileRef = EFF0E28C2921086600854E5F /* RelatedProjects.swift */; };
		EFF0E2BE2921097200854E5F /* ListResponseWrapper.swift in Sources */ = {isa = PBXBuildFile; fileRef = EFF0E270292107B500854E5F /* ListResponseWrapper.swift */; };
		EFF0E2BF2921097200854E5F /* ProjectType.swift in Sources */ = {isa = PBXBuildFile; fileRef = EFF0E27C2921080600854E5F /* ProjectType.swift */; };
		EFFE152C28A5481D00DCF804 /* ProjectDetailView.swift in Sources */ = {isa = PBXBuildFile; fileRef = EFFE152B28A5481C00DCF804 /* ProjectDetailView.swift */; };
		EFFE153628A54BE000DCF804 /* ProjectListView.swift in Sources */ = {isa = PBXBuildFile; fileRef = EFFE153528A54BE000DCF804 /* ProjectListView.swift */; };
		EFFE153828A54C2400DCF804 /* ProjectListViewModel.swift in Sources */ = {isa = PBXBuildFile; fileRef = EFFE153728A54C2400DCF804 /* ProjectListViewModel.swift */; };
/* End PBXBuildFile section */

/* Begin PBXContainerItemProxy section */
		EFCA5DC528A445B40004AAC7 /* PBXContainerItemProxy */ = {
			isa = PBXContainerItemProxy;
			containerPortal = EFCE380328A3D7A700B4CC0D /* Project object */;
			proxyType = 1;
			remoteGlobalIDString = EFCA5DAC28A445B40004AAC7;
			remoteInfo = WidgetTypeConfiguration;
		};
		EFCE383928A3E22F00B4CC0D /* PBXContainerItemProxy */ = {
			isa = PBXContainerItemProxy;
			containerPortal = EFCE380328A3D7A700B4CC0D /* Project object */;
			proxyType = 1;
			remoteGlobalIDString = EFCE382928A3E22E00B4CC0D;
			remoteInfo = SmallWidgetExtension;
		};
/* End PBXContainerItemProxy section */

/* Begin PBXCopyFilesBuildPhase section */
		EFCE383F28A3E22F00B4CC0D /* Embed Foundation Extensions */ = {
			isa = PBXCopyFilesBuildPhase;
			buildActionMask = 2147483647;
			dstPath = "";
			dstSubfolderSpec = 13;
			files = (
				EFCE383B28A3E22F00B4CC0D /* SmallWidgetExtension.appex in Embed Foundation Extensions */,
				EFCA5DC728A445B40004AAC7 /* WidgetTypeConfiguration.appex in Embed Foundation Extensions */,
			);
			name = "Embed Foundation Extensions";
			runOnlyForDeploymentPostprocessing = 0;
		};
/* End PBXCopyFilesBuildPhase section */

/* Begin PBXFileReference section */
		EF178C3E28AE8CC3003B9B76 /* SmallWidgetUpcomingMediumView.swift */ = {isa = PBXFileReference; lastKnownFileType = sourcecode.swift; path = SmallWidgetUpcomingMediumView.swift; sourceTree = "<group>"; };
		EF178C4228AE8D47003B9B76 /* SmallWidgetUpcomingSmallView.swift */ = {isa = PBXFileReference; lastKnownFileType = sourcecode.swift; path = SmallWidgetUpcomingSmallView.swift; sourceTree = "<group>"; };
		EF178C4628AEAA5A003B9B76 /* SpecificWidget.swift */ = {isa = PBXFileReference; lastKnownFileType = sourcecode.swift; path = SpecificWidget.swift; sourceTree = "<group>"; };
		EF178C4B28AEC78D003B9B76 /* WidgetHelper.swift */ = {isa = PBXFileReference; lastKnownFileType = sourcecode.swift; path = WidgetHelper.swift; sourceTree = "<group>"; };
		EF178C4F28AEC898003B9B76 /* WidgetPreviewView.swift */ = {isa = PBXFileReference; lastKnownFileType = sourcecode.swift; path = WidgetPreviewView.swift; sourceTree = "<group>"; };
		EF38FD71291FF56400EA4BD9 /* ProjectService.swift */ = {isa = PBXFileReference; fileEncoding = 4; lastKnownFileType = sourcecode.swift; path = ProjectService.swift; sourceTree = "<group>"; };
		EF4D265628A4512600B7BCEE /* Config.swift */ = {isa = PBXFileReference; lastKnownFileType = sourcecode.swift; path = Config.swift; sourceTree = "<group>"; };
		EF4D265A28A451E300B7BCEE /* CachingService.swift */ = {isa = PBXFileReference; lastKnownFileType = sourcecode.swift; path = CachingService.swift; sourceTree = "<group>"; };
		EFCA5D7528A3EFAE0004AAC7 /* StringExtensions.swift */ = {isa = PBXFileReference; lastKnownFileType = sourcecode.swift; path = StringExtensions.swift; sourceTree = "<group>"; };
		EFCA5D7728A3F00F0004AAC7 /* DateExtension.swift */ = {isa = PBXFileReference; lastKnownFileType = sourcecode.swift; path = DateExtension.swift; sourceTree = "<group>"; };
		EFCA5D7B28A3F5100004AAC7 /* Info.plist */ = {isa = PBXFileReference; lastKnownFileType = text.plist; path = Info.plist; sourceTree = "<group>"; };
		EFCA5D8B28A3FEFC0004AAC7 /* ImageHelper.swift */ = {isa = PBXFileReference; lastKnownFileType = sourcecode.swift; path = ImageHelper.swift; sourceTree = "<group>"; };
		EFCA5D9B28A41C850004AAC7 /* MarvelWidgets.entitlements */ = {isa = PBXFileReference; lastKnownFileType = text.plist.entitlements; path = MarvelWidgets.entitlements; sourceTree = "<group>"; };
		EFCA5D9C28A41C9A0004AAC7 /* SmallWidgetExtension.entitlements */ = {isa = PBXFileReference; lastKnownFileType = text.plist.entitlements; path = SmallWidgetExtension.entitlements; sourceTree = "<group>"; };
		EFCA5D9D28A41D2B0004AAC7 /* WidgetType.swift */ = {isa = PBXFileReference; lastKnownFileType = sourcecode.swift; path = WidgetType.swift; sourceTree = "<group>"; };
		EFCA5DA128A41E820004AAC7 /* WidgetSettingsView.swift */ = {isa = PBXFileReference; lastKnownFileType = sourcecode.swift; path = WidgetSettingsView.swift; sourceTree = "<group>"; };
		EFCA5DA328A43D360004AAC7 /* WidgetSettingsViewModel.swift */ = {isa = PBXFileReference; lastKnownFileType = sourcecode.swift; path = WidgetSettingsViewModel.swift; sourceTree = "<group>"; };
		EFCA5DA628A43E2A0004AAC7 /* UserDefaultValues.swift */ = {isa = PBXFileReference; lastKnownFileType = sourcecode.swift; path = UserDefaultValues.swift; sourceTree = "<group>"; };
		EFCA5DAD28A445B40004AAC7 /* WidgetTypeConfiguration.appex */ = {isa = PBXFileReference; explicitFileType = "wrapper.app-extension"; includeInIndex = 0; path = WidgetTypeConfiguration.appex; sourceTree = BUILT_PRODUCTS_DIR; };
		EFCA5DAE28A445B40004AAC7 /* Intents.framework */ = {isa = PBXFileReference; lastKnownFileType = wrapper.framework; name = Intents.framework; path = System/Library/Frameworks/Intents.framework; sourceTree = SDKROOT; };
		EFCA5DB128A445B40004AAC7 /* IntentHandler.swift */ = {isa = PBXFileReference; lastKnownFileType = sourcecode.swift; path = IntentHandler.swift; sourceTree = "<group>"; };
		EFCA5DB328A445B40004AAC7 /* Info.plist */ = {isa = PBXFileReference; lastKnownFileType = text.plist.xml; path = Info.plist; sourceTree = "<group>"; };
		EFCA5DB928A445B40004AAC7 /* IntentsUI.framework */ = {isa = PBXFileReference; lastKnownFileType = wrapper.framework; name = IntentsUI.framework; path = System/Library/Frameworks/IntentsUI.framework; sourceTree = SDKROOT; };
		EFCE380B28A3D7A700B4CC0D /* MarvelWidgets.app */ = {isa = PBXFileReference; explicitFileType = wrapper.application; includeInIndex = 0; path = MarvelWidgets.app; sourceTree = BUILT_PRODUCTS_DIR; };
		EFCE380E28A3D7A700B4CC0D /* MarvelWidgetsApp.swift */ = {isa = PBXFileReference; lastKnownFileType = sourcecode.swift; path = MarvelWidgetsApp.swift; sourceTree = "<group>"; };
		EFCE381028A3D7A700B4CC0D /* ContentView.swift */ = {isa = PBXFileReference; lastKnownFileType = sourcecode.swift; path = ContentView.swift; sourceTree = "<group>"; };
		EFCE381228A3D7AE00B4CC0D /* Assets.xcassets */ = {isa = PBXFileReference; lastKnownFileType = folder.assetcatalog; path = Assets.xcassets; sourceTree = "<group>"; };
		EFCE381528A3D7AE00B4CC0D /* Preview Assets.xcassets */ = {isa = PBXFileReference; lastKnownFileType = folder.assetcatalog; path = "Preview Assets.xcassets"; sourceTree = "<group>"; };
		EFCE381D28A3DD4200B4CC0D /* APIService.swift */ = {isa = PBXFileReference; lastKnownFileType = sourcecode.swift; path = APIService.swift; sourceTree = "<group>"; };
		EFCE382428A3E0A700B4CC0D /* LogService.swift */ = {isa = PBXFileReference; lastKnownFileType = sourcecode.swift; path = LogService.swift; sourceTree = "<group>"; };
		EFCE382A28A3E22E00B4CC0D /* SmallWidgetExtension.appex */ = {isa = PBXFileReference; explicitFileType = "wrapper.app-extension"; includeInIndex = 0; path = SmallWidgetExtension.appex; sourceTree = BUILT_PRODUCTS_DIR; };
		EFCE382C28A3E22E00B4CC0D /* WidgetKit.framework */ = {isa = PBXFileReference; lastKnownFileType = wrapper.framework; name = WidgetKit.framework; path = System/Library/Frameworks/WidgetKit.framework; sourceTree = SDKROOT; };
		EFCE382E28A3E22E00B4CC0D /* SwiftUI.framework */ = {isa = PBXFileReference; lastKnownFileType = wrapper.framework; name = SwiftUI.framework; path = System/Library/Frameworks/SwiftUI.framework; sourceTree = SDKROOT; };
		EFCE383128A3E22E00B4CC0D /* SmallWidget.swift */ = {isa = PBXFileReference; lastKnownFileType = sourcecode.swift; path = SmallWidget.swift; sourceTree = "<group>"; };
		EFCE383428A3E22F00B4CC0D /* Assets.xcassets */ = {isa = PBXFileReference; lastKnownFileType = folder.assetcatalog; path = Assets.xcassets; sourceTree = "<group>"; };
		EFCE383628A3E22F00B4CC0D /* Info.plist */ = {isa = PBXFileReference; lastKnownFileType = text.plist.xml; path = Info.plist; sourceTree = "<group>"; };
		EFD8D75A28A55BFE00CA8DAC /* VideoView.swift */ = {isa = PBXFileReference; lastKnownFileType = sourcecode.swift; path = VideoView.swift; sourceTree = "<group>"; };
		EFD8D75C28A5791D00CA8DAC /* ProjectDetailViewModel.swift */ = {isa = PBXFileReference; lastKnownFileType = sourcecode.swift; path = ProjectDetailViewModel.swift; sourceTree = "<group>"; };
		EFD8D75E28A7AC8C00CA8DAC /* SaveService.swift */ = {isa = PBXFileReference; lastKnownFileType = sourcecode.swift; path = SaveService.swift; sourceTree = "<group>"; };
		EFD8D76228A7F6A100CA8DAC /* MarvelWidgetBundle.swift */ = {isa = PBXFileReference; lastKnownFileType = sourcecode.swift; path = MarvelWidgetBundle.swift; sourceTree = "<group>"; };
		EFD8D77028A7FFD900CA8DAC /* SmallWidget.intentdefinition */ = {isa = PBXFileReference; fileEncoding = 4; lastKnownFileType = file.intentdefinition; path = SmallWidget.intentdefinition; sourceTree = "<group>"; };
		EFF0E25D2920ED6400854E5F /* SeasonView.swift */ = {isa = PBXFileReference; lastKnownFileType = sourcecode.swift; path = SeasonView.swift; sourceTree = "<group>"; };
		EFF0E25F2920ED8200854E5F /* SeasonDetailView.swift */ = {isa = PBXFileReference; lastKnownFileType = sourcecode.swift; path = SeasonDetailView.swift; sourceTree = "<group>"; };
		EFF0E2612920EDB100854E5F /* FullscreenImageView.swift */ = {isa = PBXFileReference; lastKnownFileType = sourcecode.swift; path = FullscreenImageView.swift; sourceTree = "<group>"; };
		EFF0E2632920EDD300854E5F /* TrailersView.swift */ = {isa = PBXFileReference; lastKnownFileType = sourcecode.swift; path = TrailersView.swift; sourceTree = "<group>"; };
		EFF0E2652920EDF300854E5F /* ImageSizedView.swift */ = {isa = PBXFileReference; lastKnownFileType = sourcecode.swift; path = ImageSizedView.swift; sourceTree = "<group>"; };
		EFF0E2672920EE0B00854E5F /* PosterListView.swift */ = {isa = PBXFileReference; lastKnownFileType = sourcecode.swift; path = PosterListView.swift; sourceTree = "<group>"; };
		EFF0E2692920EE3500854E5F /* ActorListView.swift */ = {isa = PBXFileReference; lastKnownFileType = sourcecode.swift; path = ActorListView.swift; sourceTree = "<group>"; };
		EFF0E26B2920EE5400854E5F /* DirectorListView.swift */ = {isa = PBXFileReference; lastKnownFileType = sourcecode.swift; path = DirectorListView.swift; sourceTree = "<group>"; };
		EFF0E270292107B500854E5F /* ListResponseWrapper.swift */ = {isa = PBXFileReference; lastKnownFileType = sourcecode.swift; path = ListResponseWrapper.swift; sourceTree = "<group>"; };
		EFF0E272292107C100854E5F /* SingleResponseWrapper.swift */ = {isa = PBXFileReference; lastKnownFileType = sourcecode.swift; path = SingleResponseWrapper.swift; sourceTree = "<group>"; };
		EFF0E274292107CE00854E5F /* ProjectWrapper.swift */ = {isa = PBXFileReference; lastKnownFileType = sourcecode.swift; path = ProjectWrapper.swift; sourceTree = "<group>"; };
		EFF0E276292107DE00854E5F /* MCUProject.swift */ = {isa = PBXFileReference; lastKnownFileType = sourcecode.swift; path = MCUProject.swift; sourceTree = "<group>"; };
		EFF0E278292107EB00854E5F /* Phase.swift */ = {isa = PBXFileReference; lastKnownFileType = sourcecode.swift; path = Phase.swift; sourceTree = "<group>"; };
		EFF0E27A292107F500854E5F /* Saga.swift */ = {isa = PBXFileReference; lastKnownFileType = sourcecode.swift; path = Saga.swift; sourceTree = "<group>"; };
		EFF0E27C2921080600854E5F /* ProjectType.swift */ = {isa = PBXFileReference; lastKnownFileType = sourcecode.swift; path = ProjectType.swift; sourceTree = "<group>"; };
		EFF0E27E2921081200854E5F /* Actors.swift */ = {isa = PBXFileReference; lastKnownFileType = sourcecode.swift; path = Actors.swift; sourceTree = "<group>"; };
		EFF0E2802921081F00854E5F /* ActorsWrapper.swift */ = {isa = PBXFileReference; lastKnownFileType = sourcecode.swift; path = ActorsWrapper.swift; sourceTree = "<group>"; };
		EFF0E2822921082A00854E5F /* Actor.swift */ = {isa = PBXFileReference; lastKnownFileType = sourcecode.swift; path = Actor.swift; sourceTree = "<group>"; };
		EFF0E2842921083600854E5F /* Directors.swift */ = {isa = PBXFileReference; lastKnownFileType = sourcecode.swift; path = Directors.swift; sourceTree = "<group>"; };
		EFF0E2862921084400854E5F /* DirectorsWrapper.swift */ = {isa = PBXFileReference; lastKnownFileType = sourcecode.swift; path = DirectorsWrapper.swift; sourceTree = "<group>"; };
		EFF0E2882921084F00854E5F /* Director.swift */ = {isa = PBXFileReference; lastKnownFileType = sourcecode.swift; path = Director.swift; sourceTree = "<group>"; };
		EFF0E28A2921085900854E5F /* Poster.swift */ = {isa = PBXFileReference; lastKnownFileType = sourcecode.swift; path = Poster.swift; sourceTree = "<group>"; };
		EFF0E28C2921086600854E5F /* RelatedProjects.swift */ = {isa = PBXFileReference; lastKnownFileType = sourcecode.swift; path = RelatedProjects.swift; sourceTree = "<group>"; };
		EFF0E28E2921087300854E5F /* RelatedProjectWrapper.swift */ = {isa = PBXFileReference; lastKnownFileType = sourcecode.swift; path = RelatedProjectWrapper.swift; sourceTree = "<group>"; };
		EFF0E2902921087F00854E5F /* RelatedProject.swift */ = {isa = PBXFileReference; lastKnownFileType = sourcecode.swift; path = RelatedProject.swift; sourceTree = "<group>"; };
		EFF0E2922921088900854E5F /* Trailer.swift */ = {isa = PBXFileReference; lastKnownFileType = sourcecode.swift; path = Trailer.swift; sourceTree = "<group>"; };
		EFF0E2942921089400854E5F /* Season.swift */ = {isa = PBXFileReference; lastKnownFileType = sourcecode.swift; path = Season.swift; sourceTree = "<group>"; };
		EFF0E2962921089F00854E5F /* Episode.swift */ = {isa = PBXFileReference; lastKnownFileType = sourcecode.swift; path = Episode.swift; sourceTree = "<group>"; };
		EFFE152B28A5481C00DCF804 /* ProjectDetailView.swift */ = {isa = PBXFileReference; lastKnownFileType = sourcecode.swift; path = ProjectDetailView.swift; sourceTree = "<group>"; };
		EFFE153528A54BE000DCF804 /* ProjectListView.swift */ = {isa = PBXFileReference; lastKnownFileType = sourcecode.swift; path = ProjectListView.swift; sourceTree = "<group>"; };
		EFFE153728A54C2400DCF804 /* ProjectListViewModel.swift */ = {isa = PBXFileReference; lastKnownFileType = sourcecode.swift; path = ProjectListViewModel.swift; sourceTree = "<group>"; };
/* End PBXFileReference section */

/* Begin PBXFrameworksBuildPhase section */
		EFCA5DAA28A445B40004AAC7 /* Frameworks */ = {
			isa = PBXFrameworksBuildPhase;
			buildActionMask = 2147483647;
			files = (
				EFCA5DAF28A445B40004AAC7 /* Intents.framework in Frameworks */,
			);
			runOnlyForDeploymentPostprocessing = 0;
		};
		EFCE380828A3D7A700B4CC0D /* Frameworks */ = {
			isa = PBXFrameworksBuildPhase;
			buildActionMask = 2147483647;
			files = (
				EFF0E25C292065B900854E5F /* SwiftUIPager in Frameworks */,
				EF9B914028B9045200C5F7B2 /* Kingfisher in Frameworks */,
			);
			runOnlyForDeploymentPostprocessing = 0;
		};
		EFCE382728A3E22E00B4CC0D /* Frameworks */ = {
			isa = PBXFrameworksBuildPhase;
			buildActionMask = 2147483647;
			files = (
				EFCE382F28A3E22E00B4CC0D /* SwiftUI.framework in Frameworks */,
				EFCE382D28A3E22E00B4CC0D /* WidgetKit.framework in Frameworks */,
			);
			runOnlyForDeploymentPostprocessing = 0;
		};
/* End PBXFrameworksBuildPhase section */

/* Begin PBXGroup section */
		EFCA5D7428A3EF9D0004AAC7 /* extensions */ = {
			isa = PBXGroup;
			children = (
				EFCA5D7528A3EFAE0004AAC7 /* StringExtensions.swift */,
				EFCA5D7728A3F00F0004AAC7 /* DateExtension.swift */,
			);
			path = extensions;
			sourceTree = "<group>";
		};
		EFCA5D8A28A3FEF10004AAC7 /* helpers */ = {
			isa = PBXGroup;
			children = (
				EFCA5D8B28A3FEFC0004AAC7 /* ImageHelper.swift */,
				EF178C4B28AEC78D003B9B76 /* WidgetHelper.swift */,
			);
			path = helpers;
			sourceTree = "<group>";
		};
		EFCA5DA028A41E780004AAC7 /* widgetSettings */ = {
			isa = PBXGroup;
			children = (
				EFCA5DA128A41E820004AAC7 /* WidgetSettingsView.swift */,
				EF178C4F28AEC898003B9B76 /* WidgetPreviewView.swift */,
			);
			path = widgetSettings;
			sourceTree = "<group>";
		};
		EFCA5DA528A43E190004AAC7 /* values */ = {
			isa = PBXGroup;
			children = (
				EFCA5DA628A43E2A0004AAC7 /* UserDefaultValues.swift */,
				EF4D265628A4512600B7BCEE /* Config.swift */,
			);
			path = values;
			sourceTree = "<group>";
		};
		EFCA5DB028A445B40004AAC7 /* WidgetTypeConfiguration */ = {
			isa = PBXGroup;
			children = (
				EFCA5DB128A445B40004AAC7 /* IntentHandler.swift */,
				EFCA5DB328A445B40004AAC7 /* Info.plist */,
			);
			path = WidgetTypeConfiguration;
			sourceTree = "<group>";
		};
		EFCE380228A3D7A700B4CC0D = {
			isa = PBXGroup;
			children = (
				EFCE380D28A3D7A700B4CC0D /* MarvelWidgets */,
				EFCE383028A3E22E00B4CC0D /* SmallWidget */,
				EFCA5DB028A445B40004AAC7 /* WidgetTypeConfiguration */,
				EFCE382B28A3E22E00B4CC0D /* Frameworks */,
				EFCE380C28A3D7A700B4CC0D /* Products */,
			);
			sourceTree = "<group>";
		};
		EFCE380C28A3D7A700B4CC0D /* Products */ = {
			isa = PBXGroup;
			children = (
				EFCE380B28A3D7A700B4CC0D /* MarvelWidgets.app */,
				EFCE382A28A3E22E00B4CC0D /* SmallWidgetExtension.appex */,
				EFCA5DAD28A445B40004AAC7 /* WidgetTypeConfiguration.appex */,
			);
			name = Products;
			sourceTree = "<group>";
		};
		EFCE380D28A3D7A700B4CC0D /* MarvelWidgets */ = {
			isa = PBXGroup;
			children = (
				EFCA5D9B28A41C850004AAC7 /* MarvelWidgets.entitlements */,
				EFCA5D7B28A3F5100004AAC7 /* Info.plist */,
				EFCA5D8A28A3FEF10004AAC7 /* helpers */,
				EFCA5D7428A3EF9D0004AAC7 /* extensions */,
				EFCE382128A3DE0200B4CC0D /* viewmodels */,
				EFCE382028A3DDFD00B4CC0D /* views */,
				EFCE381F28A3DDF800B4CC0D /* domain */,
				EFCA5DA528A43E190004AAC7 /* values */,
				EFCE381C28A3DD3200B4CC0D /* services */,
				EFCE380E28A3D7A700B4CC0D /* MarvelWidgetsApp.swift */,
				EFCE381028A3D7A700B4CC0D /* ContentView.swift */,
				EFCE381228A3D7AE00B4CC0D /* Assets.xcassets */,
				EFCE381428A3D7AE00B4CC0D /* Preview Content */,
			);
			path = MarvelWidgets;
			sourceTree = "<group>";
		};
		EFCE381428A3D7AE00B4CC0D /* Preview Content */ = {
			isa = PBXGroup;
			children = (
				EFCE381528A3D7AE00B4CC0D /* Preview Assets.xcassets */,
			);
			path = "Preview Content";
			sourceTree = "<group>";
		};
		EFCE381C28A3DD3200B4CC0D /* services */ = {
			isa = PBXGroup;
			children = (
				EF38FD71291FF56400EA4BD9 /* ProjectService.swift */,
				EFCE384328A3E33900B4CC0D /* generic */,
				EFD8D75E28A7AC8C00CA8DAC /* SaveService.swift */,
			);
			path = services;
			sourceTree = "<group>";
		};
		EFCE381F28A3DDF800B4CC0D /* domain */ = {
			isa = PBXGroup;
			children = (
				EFCA5D9D28A41D2B0004AAC7 /* WidgetType.swift */,
				EFF0E270292107B500854E5F /* ListResponseWrapper.swift */,
				EFF0E272292107C100854E5F /* SingleResponseWrapper.swift */,
				EFF0E274292107CE00854E5F /* ProjectWrapper.swift */,
				EFF0E276292107DE00854E5F /* MCUProject.swift */,
				EFF0E278292107EB00854E5F /* Phase.swift */,
				EFF0E27A292107F500854E5F /* Saga.swift */,
				EFF0E27C2921080600854E5F /* ProjectType.swift */,
				EFF0E27E2921081200854E5F /* Actors.swift */,
				EFF0E2802921081F00854E5F /* ActorsWrapper.swift */,
				EFF0E2822921082A00854E5F /* Actor.swift */,
				EFF0E2842921083600854E5F /* Directors.swift */,
				EFF0E2862921084400854E5F /* DirectorsWrapper.swift */,
				EFF0E2882921084F00854E5F /* Director.swift */,
				EFF0E28A2921085900854E5F /* Poster.swift */,
				EFF0E28C2921086600854E5F /* RelatedProjects.swift */,
				EFF0E28E2921087300854E5F /* RelatedProjectWrapper.swift */,
				EFF0E2902921087F00854E5F /* RelatedProject.swift */,
				EFF0E2922921088900854E5F /* Trailer.swift */,
				EFF0E2942921089400854E5F /* Season.swift */,
				EFF0E2962921089F00854E5F /* Episode.swift */,
			);
			path = domain;
			sourceTree = "<group>";
		};
		EFCE382028A3DDFD00B4CC0D /* views */ = {
			isa = PBXGroup;
			children = (
				EFF0E26F2920EEE300854E5F /* domainListViews */,
				EFF0E26E2920EECB00854E5F /* shared */,
				EFF0E26D2920EEC200854E5F /* seasonViews */,
				EFFE152A28A5480700DCF804 /* projectviews */,
				EFCA5DA028A41E780004AAC7 /* widgetSettings */,
			);
			path = views;
			sourceTree = "<group>";
		};
		EFCE382128A3DE0200B4CC0D /* viewmodels */ = {
			isa = PBXGroup;
			children = (
				EFCA5DA328A43D360004AAC7 /* WidgetSettingsViewModel.swift */,
				EFFE153728A54C2400DCF804 /* ProjectListViewModel.swift */,
				EFD8D75C28A5791D00CA8DAC /* ProjectDetailViewModel.swift */,
			);
			path = viewmodels;
			sourceTree = "<group>";
		};
		EFCE382B28A3E22E00B4CC0D /* Frameworks */ = {
			isa = PBXGroup;
			children = (
				EFCE382C28A3E22E00B4CC0D /* WidgetKit.framework */,
				EFCE382E28A3E22E00B4CC0D /* SwiftUI.framework */,
				EFCA5DAE28A445B40004AAC7 /* Intents.framework */,
				EFCA5DB928A445B40004AAC7 /* IntentsUI.framework */,
			);
			name = Frameworks;
			sourceTree = "<group>";
		};
		EFCE383028A3E22E00B4CC0D /* SmallWidget */ = {
			isa = PBXGroup;
			children = (
				EFCA5D9C28A41C9A0004AAC7 /* SmallWidgetExtension.entitlements */,
				EFCE383128A3E22E00B4CC0D /* SmallWidget.swift */,
				EFD8D77028A7FFD900CA8DAC /* SmallWidget.intentdefinition */,
				EFCE383428A3E22F00B4CC0D /* Assets.xcassets */,
				EFCE383628A3E22F00B4CC0D /* Info.plist */,
				EFD8D76228A7F6A100CA8DAC /* MarvelWidgetBundle.swift */,
				EF178C3E28AE8CC3003B9B76 /* SmallWidgetUpcomingMediumView.swift */,
				EF178C4228AE8D47003B9B76 /* SmallWidgetUpcomingSmallView.swift */,
				EF178C4628AEAA5A003B9B76 /* SpecificWidget.swift */,
			);
			path = SmallWidget;
			sourceTree = "<group>";
		};
		EFCE384328A3E33900B4CC0D /* generic */ = {
			isa = PBXGroup;
			children = (
				EFCE381D28A3DD4200B4CC0D /* APIService.swift */,
				EFCE382428A3E0A700B4CC0D /* LogService.swift */,
				EF4D265A28A451E300B7BCEE /* CachingService.swift */,
			);
			path = generic;
			sourceTree = "<group>";
		};
		EFF0E26D2920EEC200854E5F /* seasonViews */ = {
			isa = PBXGroup;
			children = (
				EFF0E25D2920ED6400854E5F /* SeasonView.swift */,
				EFF0E25F2920ED8200854E5F /* SeasonDetailView.swift */,
			);
			path = seasonViews;
			sourceTree = "<group>";
		};
		EFF0E26E2920EECB00854E5F /* shared */ = {
			isa = PBXGroup;
			children = (
				EFD8D75A28A55BFE00CA8DAC /* VideoView.swift */,
				EFF0E2612920EDB100854E5F /* FullscreenImageView.swift */,
				EFF0E2632920EDD300854E5F /* TrailersView.swift */,
				EFF0E2652920EDF300854E5F /* ImageSizedView.swift */,
			);
			path = shared;
			sourceTree = "<group>";
		};
		EFF0E26F2920EEE300854E5F /* domainListViews */ = {
			isa = PBXGroup;
			children = (
				EFF0E2672920EE0B00854E5F /* PosterListView.swift */,
				EFF0E2692920EE3500854E5F /* ActorListView.swift */,
				EFF0E26B2920EE5400854E5F /* DirectorListView.swift */,
			);
			path = domainListViews;
			sourceTree = "<group>";
		};
		EFFE152A28A5480700DCF804 /* projectviews */ = {
			isa = PBXGroup;
			children = (
				EFFE152B28A5481C00DCF804 /* ProjectDetailView.swift */,
				EFFE153528A54BE000DCF804 /* ProjectListView.swift */,
			);
			path = projectviews;
			sourceTree = "<group>";
		};
/* End PBXGroup section */

/* Begin PBXNativeTarget section */
		EFCA5DAC28A445B40004AAC7 /* WidgetTypeConfiguration */ = {
			isa = PBXNativeTarget;
			buildConfigurationList = EFCA5DCB28A445B40004AAC7 /* Build configuration list for PBXNativeTarget "WidgetTypeConfiguration" */;
			buildPhases = (
				EFCA5DA928A445B40004AAC7 /* Sources */,
				EFCA5DAA28A445B40004AAC7 /* Frameworks */,
				EFCA5DAB28A445B40004AAC7 /* Resources */,
			);
			buildRules = (
			);
			dependencies = (
			);
			name = WidgetTypeConfiguration;
			productName = WidgetTypeConfiguration;
			productReference = EFCA5DAD28A445B40004AAC7 /* WidgetTypeConfiguration.appex */;
			productType = "com.apple.product-type.app-extension";
		};
		EFCE380A28A3D7A700B4CC0D /* MarvelWidgets */ = {
			isa = PBXNativeTarget;
			buildConfigurationList = EFCE381928A3D7AE00B4CC0D /* Build configuration list for PBXNativeTarget "MarvelWidgets" */;
			buildPhases = (
				EFCE380728A3D7A700B4CC0D /* Sources */,
				EFCE380828A3D7A700B4CC0D /* Frameworks */,
				EFCE380928A3D7A700B4CC0D /* Resources */,
				EFCE383F28A3E22F00B4CC0D /* Embed Foundation Extensions */,
			);
			buildRules = (
			);
			dependencies = (
				EFCE383A28A3E22F00B4CC0D /* PBXTargetDependency */,
				EFCA5DC628A445B40004AAC7 /* PBXTargetDependency */,
			);
			name = MarvelWidgets;
			packageProductDependencies = (
				EF9B913F28B9045200C5F7B2 /* Kingfisher */,
				EFF0E25B292065B900854E5F /* SwiftUIPager */,
			);
			productName = MarvelWidgets;
			productReference = EFCE380B28A3D7A700B4CC0D /* MarvelWidgets.app */;
			productType = "com.apple.product-type.application";
		};
		EFCE382928A3E22E00B4CC0D /* SmallWidgetExtension */ = {
			isa = PBXNativeTarget;
			buildConfigurationList = EFCE383C28A3E22F00B4CC0D /* Build configuration list for PBXNativeTarget "SmallWidgetExtension" */;
			buildPhases = (
				EFCE382628A3E22E00B4CC0D /* Sources */,
				EFCE382728A3E22E00B4CC0D /* Frameworks */,
				EFCE382828A3E22E00B4CC0D /* Resources */,
			);
			buildRules = (
			);
			dependencies = (
			);
			name = SmallWidgetExtension;
			productName = SmallWidgetExtension;
			productReference = EFCE382A28A3E22E00B4CC0D /* SmallWidgetExtension.appex */;
			productType = "com.apple.product-type.app-extension";
		};
/* End PBXNativeTarget section */

/* Begin PBXProject section */
		EFCE380328A3D7A700B4CC0D /* Project object */ = {
			isa = PBXProject;
			attributes = {
				BuildIndependentTargetsInParallel = 1;
				LastSwiftUpdateCheck = 1340;
				LastUpgradeCheck = 1410;
				TargetAttributes = {
					EFCA5DAC28A445B40004AAC7 = {
						CreatedOnToolsVersion = 13.4.1;
					};
					EFCE380A28A3D7A700B4CC0D = {
						CreatedOnToolsVersion = 13.4.1;
					};
					EFCE382928A3E22E00B4CC0D = {
						CreatedOnToolsVersion = 13.4.1;
					};
				};
			};
			buildConfigurationList = EFCE380628A3D7A700B4CC0D /* Build configuration list for PBXProject "MarvelWidgets" */;
			compatibilityVersion = "Xcode 13.0";
			developmentRegion = en;
			hasScannedForEncodings = 0;
			knownRegions = (
				en,
				Base,
			);
			mainGroup = EFCE380228A3D7A700B4CC0D;
			packageReferences = (
				EFCA5D8E28A402D10004AAC7 /* XCRemoteSwiftPackageReference "Kingfisher" */,
				EFF0E25A292065B900854E5F /* XCRemoteSwiftPackageReference "SwiftUIPager" */,
			);
			productRefGroup = EFCE380C28A3D7A700B4CC0D /* Products */;
			projectDirPath = "";
			projectRoot = "";
			targets = (
				EFCE380A28A3D7A700B4CC0D /* MarvelWidgets */,
				EFCE382928A3E22E00B4CC0D /* SmallWidgetExtension */,
				EFCA5DAC28A445B40004AAC7 /* WidgetTypeConfiguration */,
			);
		};
/* End PBXProject section */

/* Begin PBXResourcesBuildPhase section */
		EFCA5DAB28A445B40004AAC7 /* Resources */ = {
			isa = PBXResourcesBuildPhase;
			buildActionMask = 2147483647;
			files = (
			);
			runOnlyForDeploymentPostprocessing = 0;
		};
		EFCE380928A3D7A700B4CC0D /* Resources */ = {
			isa = PBXResourcesBuildPhase;
			buildActionMask = 2147483647;
			files = (
				EFCE381628A3D7AE00B4CC0D /* Preview Assets.xcassets in Resources */,
				EFCE381328A3D7AE00B4CC0D /* Assets.xcassets in Resources */,
			);
			runOnlyForDeploymentPostprocessing = 0;
		};
		EFCE382828A3E22E00B4CC0D /* Resources */ = {
			isa = PBXResourcesBuildPhase;
			buildActionMask = 2147483647;
			files = (
				EFCE383528A3E22F00B4CC0D /* Assets.xcassets in Resources */,
			);
			runOnlyForDeploymentPostprocessing = 0;
		};
/* End PBXResourcesBuildPhase section */

/* Begin PBXSourcesBuildPhase section */
		EFCA5DA928A445B40004AAC7 /* Sources */ = {
			isa = PBXSourcesBuildPhase;
			buildActionMask = 2147483647;
			files = (
				EF178C4E28AEC78D003B9B76 /* WidgetHelper.swift in Sources */,
				EFF0E2B52921097200854E5F /* Trailer.swift in Sources */,
				EFF0E2AF2921097200854E5F /* Saga.swift in Sources */,
				EF578F3A28A45721006272AA /* LogService.swift in Sources */,
				EFD8D76A28A7F84C00CA8DAC /* APIService.swift in Sources */,
				EFF0E2AC2921097200854E5F /* Actor.swift in Sources */,
				EF578F3D28A458C3006272AA /* DateExtension.swift in Sources */,
				EFD8D75928A54F6000CA8DAC /* WidgetType.swift in Sources */,
				EF178C4128AE8CF2003B9B76 /* SmallWidgetUpcomingMediumView.swift in Sources */,
				EF38FD74291FF56400EA4BD9 /* ProjectService.swift in Sources */,
				EFF0E2B82921097200854E5F /* Director.swift in Sources */,
				EF178C4928AEAA5A003B9B76 /* SpecificWidget.swift in Sources */,
				EFF0E2AE2921097200854E5F /* Phase.swift in Sources */,
				EFF0E2B92921097200854E5F /* Episode.swift in Sources */,
				EFD8D76128A7ACFD00CA8DAC /* SaveService.swift in Sources */,
				EFD8D76628A7F82100CA8DAC /* SmallWidget.swift in Sources */,
				EFF0E2AD2921097200854E5F /* DirectorsWrapper.swift in Sources */,
				EFF0E2B72921097200854E5F /* RelatedProjectWrapper.swift in Sources */,
				EFF0E2BA2921097200854E5F /* ProjectWrapper.swift in Sources */,
				EFD8D76B28A7F85C00CA8DAC /* ImageHelper.swift in Sources */,
				EFF0E2BE2921097200854E5F /* ListResponseWrapper.swift in Sources */,
				EFF0E2BF2921097200854E5F /* ProjectType.swift in Sources */,
				EF178C5228AEC898003B9B76 /* WidgetPreviewView.swift in Sources */,
				EFD8D76528A7F6A600CA8DAC /* MarvelWidgetBundle.swift in Sources */,
				EF578F3928A45633006272AA /* CachingService.swift in Sources */,
				EFD8D77328A7FFD900CA8DAC /* SmallWidget.intentdefinition in Sources */,
				EF578F3C28A458C1006272AA /* StringExtensions.swift in Sources */,
				EFCA5DB228A445B40004AAC7 /* IntentHandler.swift in Sources */,
				EFF0E2B42921097200854E5F /* RelatedProject.swift in Sources */,
				EFF0E2B12921097200854E5F /* MCUProject.swift in Sources */,
				EF178C4528AE8D47003B9B76 /* SmallWidgetUpcomingSmallView.swift in Sources */,
				EFF0E2BB2921097200854E5F /* Directors.swift in Sources */,
				EF578F3B28A45728006272AA /* UserDefaultValues.swift in Sources */,
				EFF0E2BD2921097200854E5F /* RelatedProjects.swift in Sources */,
				EFF0E2B22921097200854E5F /* Actors.swift in Sources */,
				EFF0E2B62921097200854E5F /* Season.swift in Sources */,
				EFF0E2BC2921097200854E5F /* Poster.swift in Sources */,
				EF4D265828A4512900B7BCEE /* Config.swift in Sources */,
				EFF0E2B02921097200854E5F /* SingleResponseWrapper.swift in Sources */,
				EFF0E2B32921097200854E5F /* ActorsWrapper.swift in Sources */,
			);
			runOnlyForDeploymentPostprocessing = 0;
		};
		EFCE380728A3D7A700B4CC0D /* Sources */ = {
			isa = PBXSourcesBuildPhase;
			buildActionMask = 2147483647;
			files = (
				EFF0E271292107B500854E5F /* ListResponseWrapper.swift in Sources */,
				EFF0E2972921089F00854E5F /* Episode.swift in Sources */,
				EFD8D75F28A7AC8D00CA8DAC /* SaveService.swift in Sources */,
				EF178C5028AEC898003B9B76 /* WidgetPreviewView.swift in Sources */,
				EFCA5D7628A3EFAE0004AAC7 /* StringExtensions.swift in Sources */,
				EF4D265B28A451E300B7BCEE /* CachingService.swift in Sources */,
				EF178C4728AEAA5A003B9B76 /* SpecificWidget.swift in Sources */,
				EFF0E27F2921081200854E5F /* Actors.swift in Sources */,
				EFFE152C28A5481D00DCF804 /* ProjectDetailView.swift in Sources */,
				EFF0E26A2920EE3500854E5F /* ActorListView.swift in Sources */,
				EFCA5DA428A43D360004AAC7 /* WidgetSettingsViewModel.swift in Sources */,
				EFF0E28F2921087300854E5F /* RelatedProjectWrapper.swift in Sources */,
				EFF0E2932921088900854E5F /* Trailer.swift in Sources */,
				EFF0E2602920ED8200854E5F /* SeasonDetailView.swift in Sources */,
				EFF0E277292107DE00854E5F /* MCUProject.swift in Sources */,
				EFCA5DA728A43E2A0004AAC7 /* UserDefaultValues.swift in Sources */,
				EFCA5DA228A41E820004AAC7 /* WidgetSettingsView.swift in Sources */,
				EFF0E2912921087F00854E5F /* RelatedProject.swift in Sources */,
				EFF0E28B2921085900854E5F /* Poster.swift in Sources */,
				EFF0E27D2921080600854E5F /* ProjectType.swift in Sources */,
				EFF0E2832921082A00854E5F /* Actor.swift in Sources */,
				EF178C4A28AEACC5003B9B76 /* SmallWidget.swift in Sources */,
				EFCE382528A3E0A700B4CC0D /* LogService.swift in Sources */,
				EFF0E2812921081F00854E5F /* ActorsWrapper.swift in Sources */,
				EFCE381128A3D7A700B4CC0D /* ContentView.swift in Sources */,
				EF4D265728A4512600B7BCEE /* Config.swift in Sources */,
				EFFE153828A54C2400DCF804 /* ProjectListViewModel.swift in Sources */,
				EFF0E2642920EDD300854E5F /* TrailersView.swift in Sources */,
				EFF0E26C2920EE5400854E5F /* DirectorListView.swift in Sources */,
				EFF0E273292107C100854E5F /* SingleResponseWrapper.swift in Sources */,
				EFCA5D7828A3F00F0004AAC7 /* DateExtension.swift in Sources */,
				EFD8D75D28A5791D00CA8DAC /* ProjectDetailViewModel.swift in Sources */,
				EFF0E279292107EB00854E5F /* Phase.swift in Sources */,
				EF178C4C28AEC78D003B9B76 /* WidgetHelper.swift in Sources */,
				EFF0E275292107CE00854E5F /* ProjectWrapper.swift in Sources */,
				EFF0E28D2921086600854E5F /* RelatedProjects.swift in Sources */,
				EF178C3F28AE8CC3003B9B76 /* SmallWidgetUpcomingMediumView.swift in Sources */,
				EFF0E27B292107F500854E5F /* Saga.swift in Sources */,
				EF178C4328AE8D47003B9B76 /* SmallWidgetUpcomingSmallView.swift in Sources */,
				EFCE381E28A3DD4200B4CC0D /* APIService.swift in Sources */,
				EFCE380F28A3D7A700B4CC0D /* MarvelWidgetsApp.swift in Sources */,
				EFF0E2952921089400854E5F /* Season.swift in Sources */,
				EFFE153628A54BE000DCF804 /* ProjectListView.swift in Sources */,
				EFF0E2892921084F00854E5F /* Director.swift in Sources */,
				EFF0E2622920EDB100854E5F /* FullscreenImageView.swift in Sources */,
				EF38FD72291FF56400EA4BD9 /* ProjectService.swift in Sources */,
				EFF0E25E2920ED6400854E5F /* SeasonView.swift in Sources */,
				EFCA5D8C28A3FEFC0004AAC7 /* ImageHelper.swift in Sources */,
				EFF0E2852921083600854E5F /* Directors.swift in Sources */,
				EFF0E2872921084400854E5F /* DirectorsWrapper.swift in Sources */,
				EFF0E2662920EDF300854E5F /* ImageSizedView.swift in Sources */,
				EFF0E2682920EE0B00854E5F /* PosterListView.swift in Sources */,
				EFD8D75B28A55BFE00CA8DAC /* VideoView.swift in Sources */,
				EFD8D77128A7FFD900CA8DAC /* SmallWidget.intentdefinition in Sources */,
				EFCA5D9E28A41D2B0004AAC7 /* WidgetType.swift in Sources */,
				EF4D265528A44BC900B7BCEE /* IntentHandler.swift in Sources */,
			);
			runOnlyForDeploymentPostprocessing = 0;
		};
		EFCE382628A3E22E00B4CC0D /* Sources */ = {
			isa = PBXSourcesBuildPhase;
			buildActionMask = 2147483647;
			files = (
				EF178C4D28AEC78D003B9B76 /* WidgetHelper.swift in Sources */,
				EFF0E2A12921097100854E5F /* Trailer.swift in Sources */,
				EFF0E29B2921097100854E5F /* Saga.swift in Sources */,
				EFCA5D7A28A3F0980004AAC7 /* DateExtension.swift in Sources */,
				EF4D265928A4512A00B7BCEE /* Config.swift in Sources */,
				EFF0E2982921097100854E5F /* Actor.swift in Sources */,
				EFCA5D8D28A3FF140004AAC7 /* ImageHelper.swift in Sources */,
				EFCE384528A3E50F00B4CC0D /* APIService.swift in Sources */,
				EF4D265428A44B0D00B7BCEE /* IntentHandler.swift in Sources */,
				EF178C4028AE8CF2003B9B76 /* SmallWidgetUpcomingMediumView.swift in Sources */,
				EFF0E2A42921097100854E5F /* Director.swift in Sources */,
				EF38FD73291FF56400EA4BD9 /* ProjectService.swift in Sources */,
				EFF0E29A2921097100854E5F /* Phase.swift in Sources */,
				EFF0E2A52921097100854E5F /* Episode.swift in Sources */,
				EFD8D76028A7ACFD00CA8DAC /* SaveService.swift in Sources */,
				EFCE383228A3E22E00B4CC0D /* SmallWidget.swift in Sources */,
				EFF0E2992921097100854E5F /* DirectorsWrapper.swift in Sources */,
				EFF0E2A32921097100854E5F /* RelatedProjectWrapper.swift in Sources */,
				EFF0E2A62921097100854E5F /* ProjectWrapper.swift in Sources */,
				EF178C4828AEAA5A003B9B76 /* SpecificWidget.swift in Sources */,
				EFF0E2AA2921097100854E5F /* ListResponseWrapper.swift in Sources */,
				EFF0E2AB2921097100854E5F /* ProjectType.swift in Sources */,
				EFCA5D9F28A41D520004AAC7 /* WidgetType.swift in Sources */,
				EFCA5D7928A3F0960004AAC7 /* StringExtensions.swift in Sources */,
				EF178C5128AEC898003B9B76 /* WidgetPreviewView.swift in Sources */,
				EFCE384628A3E51200B4CC0D /* LogService.swift in Sources */,
				EFD8D77228A7FFD900CA8DAC /* SmallWidget.intentdefinition in Sources */,
				EF578F3828A45632006272AA /* CachingService.swift in Sources */,
				EFF0E2A02921097100854E5F /* RelatedProject.swift in Sources */,
				EFF0E29D2921097100854E5F /* MCUProject.swift in Sources */,
				EF178C4428AE8D47003B9B76 /* SmallWidgetUpcomingSmallView.swift in Sources */,
				EFF0E2A72921097100854E5F /* Directors.swift in Sources */,
				EFCA5DA828A43E2A0004AAC7 /* UserDefaultValues.swift in Sources */,
				EFF0E2A92921097100854E5F /* RelatedProjects.swift in Sources */,
				EFF0E29E2921097100854E5F /* Actors.swift in Sources */,
				EFF0E2A22921097100854E5F /* Season.swift in Sources */,
				EFF0E2A82921097100854E5F /* Poster.swift in Sources */,
				EFD8D76428A7F6A600CA8DAC /* MarvelWidgetBundle.swift in Sources */,
				EFF0E29C2921097100854E5F /* SingleResponseWrapper.swift in Sources */,
				EFF0E29F2921097100854E5F /* ActorsWrapper.swift in Sources */,
			);
			runOnlyForDeploymentPostprocessing = 0;
		};
/* End PBXSourcesBuildPhase section */

/* Begin PBXTargetDependency section */
		EFCA5DC628A445B40004AAC7 /* PBXTargetDependency */ = {
			isa = PBXTargetDependency;
			target = EFCA5DAC28A445B40004AAC7 /* WidgetTypeConfiguration */;
			targetProxy = EFCA5DC528A445B40004AAC7 /* PBXContainerItemProxy */;
		};
		EFCE383A28A3E22F00B4CC0D /* PBXTargetDependency */ = {
			isa = PBXTargetDependency;
			target = EFCE382928A3E22E00B4CC0D /* SmallWidgetExtension */;
			targetProxy = EFCE383928A3E22F00B4CC0D /* PBXContainerItemProxy */;
		};
/* End PBXTargetDependency section */

/* Begin XCBuildConfiguration section */
		EFCA5DCC28A445B40004AAC7 /* Debug */ = {
			isa = XCBuildConfiguration;
			buildSettings = {
				CODE_SIGN_STYLE = Automatic;
				CURRENT_PROJECT_VERSION = 1;
				DEVELOPMENT_TEAM = 963LK66N4P;
				GENERATE_INFOPLIST_FILE = YES;
				INFOPLIST_FILE = WidgetTypeConfiguration/Info.plist;
				INFOPLIST_KEY_CFBundleDisplayName = WidgetTypeConfiguration;
				INFOPLIST_KEY_NSHumanReadableCopyright = "";
				LD_RUNPATH_SEARCH_PATHS = (
					"$(inherited)",
					"@executable_path/Frameworks",
					"@executable_path/../../Frameworks",
				);
				MARKETING_VERSION = 2.0;
				PRODUCT_BUNDLE_IDENTIFIER = nl.Buijsen.MCUWidgets.WidgetTypeConfiguration;
				PRODUCT_NAME = "$(TARGET_NAME)";
				SKIP_INSTALL = YES;
				SWIFT_EMIT_LOC_STRINGS = YES;
				SWIFT_VERSION = 5.0;
				TARGETED_DEVICE_FAMILY = "1,2";
			};
			name = Debug;
		};
		EFCA5DCD28A445B40004AAC7 /* Release */ = {
			isa = XCBuildConfiguration;
			buildSettings = {
				CODE_SIGN_STYLE = Automatic;
				CURRENT_PROJECT_VERSION = 1;
				DEVELOPMENT_TEAM = 963LK66N4P;
				GENERATE_INFOPLIST_FILE = YES;
				INFOPLIST_FILE = WidgetTypeConfiguration/Info.plist;
				INFOPLIST_KEY_CFBundleDisplayName = WidgetTypeConfiguration;
				INFOPLIST_KEY_NSHumanReadableCopyright = "";
				LD_RUNPATH_SEARCH_PATHS = (
					"$(inherited)",
					"@executable_path/Frameworks",
					"@executable_path/../../Frameworks",
				);
				MARKETING_VERSION = 2.0;
				PRODUCT_BUNDLE_IDENTIFIER = nl.Buijsen.MCUWidgets.WidgetTypeConfiguration;
				PRODUCT_NAME = "$(TARGET_NAME)";
				SKIP_INSTALL = YES;
				SWIFT_EMIT_LOC_STRINGS = YES;
				SWIFT_VERSION = 5.0;
				TARGETED_DEVICE_FAMILY = "1,2";
			};
			name = Release;
		};
		EFCE381728A3D7AE00B4CC0D /* Debug */ = {
			isa = XCBuildConfiguration;
			buildSettings = {
				ALWAYS_SEARCH_USER_PATHS = NO;
				CLANG_ANALYZER_NONNULL = YES;
				CLANG_ANALYZER_NUMBER_OBJECT_CONVERSION = YES_AGGRESSIVE;
				CLANG_CXX_LANGUAGE_STANDARD = "gnu++17";
				CLANG_ENABLE_MODULES = YES;
				CLANG_ENABLE_OBJC_ARC = YES;
				CLANG_ENABLE_OBJC_WEAK = YES;
				CLANG_WARN_BLOCK_CAPTURE_AUTORELEASING = YES;
				CLANG_WARN_BOOL_CONVERSION = YES;
				CLANG_WARN_COMMA = YES;
				CLANG_WARN_CONSTANT_CONVERSION = YES;
				CLANG_WARN_DEPRECATED_OBJC_IMPLEMENTATIONS = YES;
				CLANG_WARN_DIRECT_OBJC_ISA_USAGE = YES_ERROR;
				CLANG_WARN_DOCUMENTATION_COMMENTS = YES;
				CLANG_WARN_EMPTY_BODY = YES;
				CLANG_WARN_ENUM_CONVERSION = YES;
				CLANG_WARN_INFINITE_RECURSION = YES;
				CLANG_WARN_INT_CONVERSION = YES;
				CLANG_WARN_NON_LITERAL_NULL_CONVERSION = YES;
				CLANG_WARN_OBJC_IMPLICIT_RETAIN_SELF = YES;
				CLANG_WARN_OBJC_LITERAL_CONVERSION = YES;
				CLANG_WARN_OBJC_ROOT_CLASS = YES_ERROR;
				CLANG_WARN_QUOTED_INCLUDE_IN_FRAMEWORK_HEADER = YES;
				CLANG_WARN_RANGE_LOOP_ANALYSIS = YES;
				CLANG_WARN_STRICT_PROTOTYPES = YES;
				CLANG_WARN_SUSPICIOUS_MOVE = YES;
				CLANG_WARN_UNGUARDED_AVAILABILITY = YES_AGGRESSIVE;
				CLANG_WARN_UNREACHABLE_CODE = YES;
				CLANG_WARN__DUPLICATE_METHOD_MATCH = YES;
				COPY_PHASE_STRIP = NO;
				DEBUG_INFORMATION_FORMAT = dwarf;
				ENABLE_STRICT_OBJC_MSGSEND = YES;
				ENABLE_TESTABILITY = YES;
				GCC_C_LANGUAGE_STANDARD = gnu11;
				GCC_DYNAMIC_NO_PIC = NO;
				GCC_NO_COMMON_BLOCKS = YES;
				GCC_OPTIMIZATION_LEVEL = 0;
				GCC_PREPROCESSOR_DEFINITIONS = (
					"DEBUG=1",
					"$(inherited)",
				);
				GCC_WARN_64_TO_32_BIT_CONVERSION = YES;
				GCC_WARN_ABOUT_RETURN_TYPE = YES_ERROR;
				GCC_WARN_UNDECLARED_SELECTOR = YES;
				GCC_WARN_UNINITIALIZED_AUTOS = YES_AGGRESSIVE;
				GCC_WARN_UNUSED_FUNCTION = YES;
				GCC_WARN_UNUSED_VARIABLE = YES;
				IPHONEOS_DEPLOYMENT_TARGET = 15.5;
				MTL_ENABLE_DEBUG_INFO = INCLUDE_SOURCE;
				MTL_FAST_MATH = YES;
				ONLY_ACTIVE_ARCH = YES;
				SDKROOT = iphoneos;
				SWIFT_ACTIVE_COMPILATION_CONDITIONS = DEBUG;
				SWIFT_OPTIMIZATION_LEVEL = "-Onone";
			};
			name = Debug;
		};
		EFCE381828A3D7AE00B4CC0D /* Release */ = {
			isa = XCBuildConfiguration;
			buildSettings = {
				ALWAYS_SEARCH_USER_PATHS = NO;
				CLANG_ANALYZER_NONNULL = YES;
				CLANG_ANALYZER_NUMBER_OBJECT_CONVERSION = YES_AGGRESSIVE;
				CLANG_CXX_LANGUAGE_STANDARD = "gnu++17";
				CLANG_ENABLE_MODULES = YES;
				CLANG_ENABLE_OBJC_ARC = YES;
				CLANG_ENABLE_OBJC_WEAK = YES;
				CLANG_WARN_BLOCK_CAPTURE_AUTORELEASING = YES;
				CLANG_WARN_BOOL_CONVERSION = YES;
				CLANG_WARN_COMMA = YES;
				CLANG_WARN_CONSTANT_CONVERSION = YES;
				CLANG_WARN_DEPRECATED_OBJC_IMPLEMENTATIONS = YES;
				CLANG_WARN_DIRECT_OBJC_ISA_USAGE = YES_ERROR;
				CLANG_WARN_DOCUMENTATION_COMMENTS = YES;
				CLANG_WARN_EMPTY_BODY = YES;
				CLANG_WARN_ENUM_CONVERSION = YES;
				CLANG_WARN_INFINITE_RECURSION = YES;
				CLANG_WARN_INT_CONVERSION = YES;
				CLANG_WARN_NON_LITERAL_NULL_CONVERSION = YES;
				CLANG_WARN_OBJC_IMPLICIT_RETAIN_SELF = YES;
				CLANG_WARN_OBJC_LITERAL_CONVERSION = YES;
				CLANG_WARN_OBJC_ROOT_CLASS = YES_ERROR;
				CLANG_WARN_QUOTED_INCLUDE_IN_FRAMEWORK_HEADER = YES;
				CLANG_WARN_RANGE_LOOP_ANALYSIS = YES;
				CLANG_WARN_STRICT_PROTOTYPES = YES;
				CLANG_WARN_SUSPICIOUS_MOVE = YES;
				CLANG_WARN_UNGUARDED_AVAILABILITY = YES_AGGRESSIVE;
				CLANG_WARN_UNREACHABLE_CODE = YES;
				CLANG_WARN__DUPLICATE_METHOD_MATCH = YES;
				COPY_PHASE_STRIP = NO;
				DEBUG_INFORMATION_FORMAT = "dwarf-with-dsym";
				ENABLE_NS_ASSERTIONS = NO;
				ENABLE_STRICT_OBJC_MSGSEND = YES;
				GCC_C_LANGUAGE_STANDARD = gnu11;
				GCC_NO_COMMON_BLOCKS = YES;
				GCC_WARN_64_TO_32_BIT_CONVERSION = YES;
				GCC_WARN_ABOUT_RETURN_TYPE = YES_ERROR;
				GCC_WARN_UNDECLARED_SELECTOR = YES;
				GCC_WARN_UNINITIALIZED_AUTOS = YES_AGGRESSIVE;
				GCC_WARN_UNUSED_FUNCTION = YES;
				GCC_WARN_UNUSED_VARIABLE = YES;
				IPHONEOS_DEPLOYMENT_TARGET = 15.5;
				MTL_ENABLE_DEBUG_INFO = NO;
				MTL_FAST_MATH = YES;
				SDKROOT = iphoneos;
				SWIFT_COMPILATION_MODE = wholemodule;
				SWIFT_OPTIMIZATION_LEVEL = "-O";
				VALIDATE_PRODUCT = YES;
			};
			name = Release;
		};
		EFCE381A28A3D7AE00B4CC0D /* Debug */ = {
			isa = XCBuildConfiguration;
			buildSettings = {
				ALWAYS_EMBED_SWIFT_STANDARD_LIBRARIES = YES;
				ASSETCATALOG_COMPILER_APPICON_NAME = AppIcon;
				ASSETCATALOG_COMPILER_GLOBAL_ACCENT_COLOR_NAME = AccentColor;
				CODE_SIGN_ENTITLEMENTS = MarvelWidgets/MarvelWidgets.entitlements;
				CODE_SIGN_STYLE = Automatic;
				CURRENT_PROJECT_VERSION = 1;
				DEVELOPMENT_ASSET_PATHS = "\"MarvelWidgets/Preview Content\"";
				DEVELOPMENT_TEAM = 963LK66N4P;
				ENABLE_PREVIEWS = YES;
				GENERATE_INFOPLIST_FILE = YES;
				INFOPLIST_FILE = MarvelWidgets/Info.plist;
				INFOPLIST_KEY_CFBundleDisplayName = "MCU widgets";
				INFOPLIST_KEY_UIApplicationSceneManifest_Generation = YES;
				INFOPLIST_KEY_UIApplicationSupportsIndirectInputEvents = YES;
				INFOPLIST_KEY_UILaunchScreen_Generation = YES;
				INFOPLIST_KEY_UISupportedInterfaceOrientations_iPad = "UIInterfaceOrientationPortrait UIInterfaceOrientationPortraitUpsideDown UIInterfaceOrientationLandscapeLeft UIInterfaceOrientationLandscapeRight";
				INFOPLIST_KEY_UISupportedInterfaceOrientations_iPhone = "UIInterfaceOrientationPortrait UIInterfaceOrientationLandscapeLeft UIInterfaceOrientationLandscapeRight";
				LD_RUNPATH_SEARCH_PATHS = (
					"$(inherited)",
					"@executable_path/Frameworks",
				);
				MARKETING_VERSION = 2.0;
				PRODUCT_BUNDLE_IDENTIFIER = nl.Buijsen.MCUWidgets;
				PRODUCT_NAME = "$(TARGET_NAME)";
				SUPPORTED_PLATFORMS = "iphoneos iphonesimulator";
				SUPPORTS_MACCATALYST = NO;
				SUPPORTS_MAC_DESIGNED_FOR_IPHONE_IPAD = NO;
				SWIFT_EMIT_LOC_STRINGS = YES;
				SWIFT_VERSION = 5.0;
				TARGETED_DEVICE_FAMILY = 1;
			};
			name = Debug;
		};
		EFCE381B28A3D7AE00B4CC0D /* Release */ = {
			isa = XCBuildConfiguration;
			buildSettings = {
				ALWAYS_EMBED_SWIFT_STANDARD_LIBRARIES = YES;
				ASSETCATALOG_COMPILER_APPICON_NAME = AppIcon;
				ASSETCATALOG_COMPILER_GLOBAL_ACCENT_COLOR_NAME = AccentColor;
				CODE_SIGN_ENTITLEMENTS = MarvelWidgets/MarvelWidgets.entitlements;
				CODE_SIGN_STYLE = Automatic;
				CURRENT_PROJECT_VERSION = 1;
				DEVELOPMENT_ASSET_PATHS = "\"MarvelWidgets/Preview Content\"";
				DEVELOPMENT_TEAM = 963LK66N4P;
				ENABLE_PREVIEWS = YES;
				GENERATE_INFOPLIST_FILE = YES;
				INFOPLIST_FILE = MarvelWidgets/Info.plist;
				INFOPLIST_KEY_CFBundleDisplayName = "MCU widgets";
				INFOPLIST_KEY_UIApplicationSceneManifest_Generation = YES;
				INFOPLIST_KEY_UIApplicationSupportsIndirectInputEvents = YES;
				INFOPLIST_KEY_UILaunchScreen_Generation = YES;
				INFOPLIST_KEY_UISupportedInterfaceOrientations_iPad = "UIInterfaceOrientationPortrait UIInterfaceOrientationPortraitUpsideDown UIInterfaceOrientationLandscapeLeft UIInterfaceOrientationLandscapeRight";
				INFOPLIST_KEY_UISupportedInterfaceOrientations_iPhone = "UIInterfaceOrientationPortrait UIInterfaceOrientationLandscapeLeft UIInterfaceOrientationLandscapeRight";
				LD_RUNPATH_SEARCH_PATHS = (
					"$(inherited)",
					"@executable_path/Frameworks",
				);
				MARKETING_VERSION = 2.0;
				PRODUCT_BUNDLE_IDENTIFIER = nl.Buijsen.MCUWidgets;
				PRODUCT_NAME = "$(TARGET_NAME)";
				SUPPORTED_PLATFORMS = "iphoneos iphonesimulator";
				SUPPORTS_MACCATALYST = NO;
				SUPPORTS_MAC_DESIGNED_FOR_IPHONE_IPAD = NO;
				SWIFT_EMIT_LOC_STRINGS = YES;
				SWIFT_VERSION = 5.0;
				TARGETED_DEVICE_FAMILY = 1;
			};
			name = Release;
		};
		EFCE383D28A3E22F00B4CC0D /* Debug */ = {
			isa = XCBuildConfiguration;
			buildSettings = {
				ASSETCATALOG_COMPILER_GLOBAL_ACCENT_COLOR_NAME = AccentColor;
				ASSETCATALOG_COMPILER_WIDGET_BACKGROUND_COLOR_NAME = WidgetBackground;
				CODE_SIGN_ENTITLEMENTS = SmallWidget/SmallWidgetExtension.entitlements;
				CODE_SIGN_STYLE = Automatic;
				CURRENT_PROJECT_VERSION = 1;
				DEVELOPMENT_TEAM = 963LK66N4P;
				GENERATE_INFOPLIST_FILE = YES;
				INFOPLIST_FILE = SmallWidget/Info.plist;
				INFOPLIST_KEY_CFBundleDisplayName = SmallWidget;
				INFOPLIST_KEY_NSHumanReadableCopyright = "";
				LD_RUNPATH_SEARCH_PATHS = (
					"$(inherited)",
					"@executable_path/Frameworks",
					"@executable_path/../../Frameworks",
				);
				MARKETING_VERSION = 2.0;
				PRODUCT_BUNDLE_IDENTIFIER = nl.Buijsen.MCUWidgets.SmallWidget;
				PRODUCT_NAME = "$(TARGET_NAME)";
				SKIP_INSTALL = YES;
				SWIFT_EMIT_LOC_STRINGS = YES;
				SWIFT_VERSION = 5.0;
				TARGETED_DEVICE_FAMILY = "1,2";
			};
			name = Debug;
		};
		EFCE383E28A3E22F00B4CC0D /* Release */ = {
			isa = XCBuildConfiguration;
			buildSettings = {
				ASSETCATALOG_COMPILER_GLOBAL_ACCENT_COLOR_NAME = AccentColor;
				ASSETCATALOG_COMPILER_WIDGET_BACKGROUND_COLOR_NAME = WidgetBackground;
				CODE_SIGN_ENTITLEMENTS = SmallWidget/SmallWidgetExtension.entitlements;
				CODE_SIGN_STYLE = Automatic;
				CURRENT_PROJECT_VERSION = 1;
				DEVELOPMENT_TEAM = 963LK66N4P;
				GENERATE_INFOPLIST_FILE = YES;
				INFOPLIST_FILE = SmallWidget/Info.plist;
				INFOPLIST_KEY_CFBundleDisplayName = SmallWidget;
				INFOPLIST_KEY_NSHumanReadableCopyright = "";
				LD_RUNPATH_SEARCH_PATHS = (
					"$(inherited)",
					"@executable_path/Frameworks",
					"@executable_path/../../Frameworks",
				);
				MARKETING_VERSION = 2.0;
				PRODUCT_BUNDLE_IDENTIFIER = nl.Buijsen.MCUWidgets.SmallWidget;
				PRODUCT_NAME = "$(TARGET_NAME)";
				SKIP_INSTALL = YES;
				SWIFT_EMIT_LOC_STRINGS = YES;
				SWIFT_VERSION = 5.0;
				TARGETED_DEVICE_FAMILY = "1,2";
			};
			name = Release;
		};
/* End XCBuildConfiguration section */

/* Begin XCConfigurationList section */
		EFCA5DCB28A445B40004AAC7 /* Build configuration list for PBXNativeTarget "WidgetTypeConfiguration" */ = {
			isa = XCConfigurationList;
			buildConfigurations = (
				EFCA5DCC28A445B40004AAC7 /* Debug */,
				EFCA5DCD28A445B40004AAC7 /* Release */,
			);
			defaultConfigurationIsVisible = 0;
			defaultConfigurationName = Release;
		};
		EFCE380628A3D7A700B4CC0D /* Build configuration list for PBXProject "MarvelWidgets" */ = {
			isa = XCConfigurationList;
			buildConfigurations = (
				EFCE381728A3D7AE00B4CC0D /* Debug */,
				EFCE381828A3D7AE00B4CC0D /* Release */,
			);
			defaultConfigurationIsVisible = 0;
			defaultConfigurationName = Release;
		};
		EFCE381928A3D7AE00B4CC0D /* Build configuration list for PBXNativeTarget "MarvelWidgets" */ = {
			isa = XCConfigurationList;
			buildConfigurations = (
				EFCE381A28A3D7AE00B4CC0D /* Debug */,
				EFCE381B28A3D7AE00B4CC0D /* Release */,
			);
			defaultConfigurationIsVisible = 0;
			defaultConfigurationName = Release;
		};
		EFCE383C28A3E22F00B4CC0D /* Build configuration list for PBXNativeTarget "SmallWidgetExtension" */ = {
			isa = XCConfigurationList;
			buildConfigurations = (
				EFCE383D28A3E22F00B4CC0D /* Debug */,
				EFCE383E28A3E22F00B4CC0D /* Release */,
			);
			defaultConfigurationIsVisible = 0;
			defaultConfigurationName = Release;
		};
/* End XCConfigurationList section */

/* Begin XCRemoteSwiftPackageReference section */
		EFCA5D8E28A402D10004AAC7 /* XCRemoteSwiftPackageReference "Kingfisher" */ = {
			isa = XCRemoteSwiftPackageReference;
			repositoryURL = "https://github.com/onevcat/Kingfisher.git";
			requirement = {
				kind = upToNextMajorVersion;
				minimumVersion = 7.0.0;
			};
		};
		EFF0E25A292065B900854E5F /* XCRemoteSwiftPackageReference "SwiftUIPager" */ = {
			isa = XCRemoteSwiftPackageReference;
			repositoryURL = "https://github.com/fermoya/SwiftUIPager.git";
			requirement = {
				kind = upToNextMajorVersion;
				minimumVersion = 2.0.0;
			};
		};
/* End XCRemoteSwiftPackageReference section */

/* Begin XCSwiftPackageProductDependency section */
		EF9B913F28B9045200C5F7B2 /* Kingfisher */ = {
			isa = XCSwiftPackageProductDependency;
			package = EFCA5D8E28A402D10004AAC7 /* XCRemoteSwiftPackageReference "Kingfisher" */;
			productName = Kingfisher;
		};
		EFF0E25B292065B900854E5F /* SwiftUIPager */ = {
			isa = XCSwiftPackageProductDependency;
			package = EFF0E25A292065B900854E5F /* XCRemoteSwiftPackageReference "SwiftUIPager" */;
			productName = SwiftUIPager;
		};
/* End XCSwiftPackageProductDependency section */
	};
	rootObject = EFCE380328A3D7A700B4CC0D /* Project object */;
}
